{
    "name": "@chastelock/testcase",
    "version": "0.0.0",
    "lockfileVersion": 3,
    "requires": true,
    "packages": {
        "": {
            "name": "@chastelock/testcase",
            "version": "0.0.0",
            "dependencies": {
                "@a/empty": "0.0.1"
            }
        },
        "node_modules/@a/empty": {
            "version": "0.0.1",
            "resolved": "https://codeberg.org/api/packages/libselfisekai/npm/%40a%2Fempty/-/0.0.1/empty-0.0.1.tgz",
            "integrity": "sha512-aacD9f3ERwGJhmIj98j2b93bIFY6T2BfXm4fqiM9DBdnXsj5z1bA0yamfRCDfwYIBO9rezWDlWfulp8FButk6Q=="
        }
    }
}
