{
    "name": "verboden(root)(name~'!*)",
    "version": "1.0.0",
    "lockfileVersion": 3,
    "requires": true,
    "packages": {
        "": {
            "name": "verboden(root)(name~'!*)",
            "version": "1.0.0",
            "dependencies": {
                "@a/verboden(name~'!*)": "1.0.0"
            }
        },
        "node_modules/@a/verboden(name~'!*)": {
            "version": "1.0.0",
            "resolved": "https://s.lnl.gay/@a/verboden(name~'!*)/-/verboden(name~'!*)-1.0.0.tgz",
            "integrity": "sha512-fQiNQiX2N6dHIDD7TaoU0w6qsgUXOdivgb02RiLGv+snsztd1E3ZmJLX7ajpu0sDDo9PEU0wZQpOWH5B8zlvBw=="
        }
    }
}
