# This file is generated by running "yarn install" inside your project.
# Manual changes might be lost - proceed with caution!

__metadata:
  version: 4
  cacheKey: 7

"@chastelock/testcase@workspace:.":
  version: 0.0.0-use.local
  resolution: "@chastelock/testcase@workspace:."
  dependencies:
    "@sveltejs/acorn-typescript": ^1
    acorn-globals: 6.0.0
    espree: ^11.1.0
  languageName: unknown
  linkType: soft

"@sveltejs/acorn-typescript@npm:^1":
  version: 1.0.8
  resolution: "@sveltejs/acorn-typescript@npm:1.0.8"
  peerDependencies:
    acorn: ^8.9.0
  checksum: cbf1d86570557d3956adbbf5a13b400864a4b9695bb13d4b9a15590f77ad45373b89e437f12b7971bb899750f15b3592f7e9f059491ac294b0fe9deddfdcf365
  languageName: node
  linkType: hard

"acorn-globals@npm:6.0.0":
  version: 6.0.0
  resolution: "acorn-globals@npm:6.0.0"
  dependencies:
    acorn: ^7.1.1
    acorn-walk: ^7.1.1
  checksum: 078ed9bc354e95a30893efd260e2dc566dfc34d8e1d24a54b9ad59984bea53ff93cb1986a85b2b5e2b8e573cb00d34ad8767371b852941a1947f81c37c1be759
  languageName: node
  linkType: hard

"acorn-jsx@npm:^5.3.2":
  version: 5.3.2
  resolution: "acorn-jsx@npm:5.3.2"
  peerDependencies:
    acorn: ^6.0.0 || ^7.0.0 || ^8.0.0
  checksum: 41c748fd26345f63fd27508c61596ffba5c4f23a8c98fffd2e75cf650c3928bb35af8658bf40d1ed18e56630cc9f4aa34d82bd5a3f53476df27d768eb03e9281
  languageName: node
  linkType: hard

"acorn-walk@npm:^7.1.1":
  version: 7.2.0
  resolution: "acorn-walk@npm:7.2.0"
  checksum: 7b52d5d6397f2d395ca878bdb0f56e583e69bc875521876d05fe2b6e293c21aca918b288c01bd18ac99b46b55a0f00a8d0e30fbdfb53c8e36e78ad1a65f73a4a
  languageName: node
  linkType: hard

"acorn@npm:^7.1.1":
  version: 7.4.1
  resolution: "acorn@npm:7.4.1"
  bin:
    acorn: bin/acorn
  checksum: 2bde98c28c1be9a08e41e581179b776b43396c9486ce52b2b9848d73c53df38c516b7edba4bacdc84cabc9d7a3299f3b46ef240ae261c38dbf8ddd89f635bd32
  languageName: node
  linkType: hard

"acorn@npm:^8.15.0":
  version: 8.15.0
  resolution: "acorn@npm:8.15.0"
  bin:
    acorn: bin/acorn
  checksum: 44c7332251880211134b2175aa71fa5de9c24992a6d6334e98be2dacb01a38e7110556af5ffd699df54ccbab9825eee7641a2f7df891a1e6a9f517e5c69994bf
  languageName: node
  linkType: hard

"eslint-visitor-keys@npm:^5.0.0":
  version: 5.0.0
  resolution: "eslint-visitor-keys@npm:5.0.0"
  checksum: 5697142741ecfc5e9d91fe7dd6d452ccf4083649cf19c17073218bd497d430124dd95a42a460c0a2cd7a13d649fb2ec64d0ad0cc8ba252252982f17b32ecbc09
  languageName: node
  linkType: hard

"espree@npm:^11.1.0":
  version: 11.1.0
  resolution: "espree@npm:11.1.0"
  dependencies:
    acorn: ^8.15.0
    acorn-jsx: ^5.3.2
    eslint-visitor-keys: ^5.0.0
  checksum: 42841b4f6d5edfde146d00bb0944b8a2c9c2572819ed05b6b4cf317c4823c7438e77a3190249e4583d613eaf0d142650ecfef51bcc0dd963dfc12f25b2baaace
  languageName: node
  linkType: hard
