# This file is generated by running "yarn install" inside your project.
# Manual changes might be lost - proceed with caution!

__metadata:
  version: 8
  cacheKey: 10c0

"@chastelock/testcase@workspace:.":
  version: 0.0.0-use.local
  resolution: "@chastelock/testcase@workspace:."
  dependencies:
    "@sveltejs/acorn-typescript": "npm:^1"
    acorn-globals: "npm:6.0.0"
    espree: "npm:^11.1.0"
  languageName: unknown
  linkType: soft

"@sveltejs/acorn-typescript@npm:^1":
  version: 1.0.8
  resolution: "@sveltejs/acorn-typescript@npm:1.0.8"
  peerDependencies:
    acorn: ^8.9.0
  checksum: 10c0/3de68af48db0b9cbc82872b218cd9134f494ba7716872e8c11bfdbb156b11dba2205541a627eed943733e4a4e8bbb261fe898bf7659105e1a4c641033fe3d4fe
  languageName: node
  linkType: hard

"acorn-globals@npm:6.0.0":
  version: 6.0.0
  resolution: "acorn-globals@npm:6.0.0"
  dependencies:
    acorn: "npm:^7.1.1"
    acorn-walk: "npm:^7.1.1"
  checksum: 10c0/5f92390a3fd7e5a4f84fe976d4650e2a33ecf27135aa9efc5406e3406df7f00a1bbb00648ee0c8058846f55ad0924ff574e6c73395705690e754589380a41801
  languageName: node
  linkType: hard

"acorn-jsx@npm:^5.3.2":
  version: 5.3.2
  resolution: "acorn-jsx@npm:5.3.2"
  peerDependencies:
    acorn: ^6.0.0 || ^7.0.0 || ^8.0.0
  checksum: 10c0/4c54868fbef3b8d58927d5e33f0a4de35f59012fe7b12cf9dfbb345fb8f46607709e1c4431be869a23fb63c151033d84c4198fa9f79385cec34fcb1dd53974c1
  languageName: node
  linkType: hard

"acorn-walk@npm:^7.1.1":
  version: 7.2.0
  resolution: "acorn-walk@npm:7.2.0"
  checksum: 10c0/ff99f3406ed8826f7d6ef6ac76b7608f099d45a1ff53229fa267125da1924188dbacf02e7903dfcfd2ae4af46f7be8847dc7d564c73c4e230dfb69c8ea8e6b4c
  languageName: node
  linkType: hard

"acorn@npm:^7.1.1":
  version: 7.4.1
  resolution: "acorn@npm:7.4.1"
  bin:
    acorn: bin/acorn
  checksum: 10c0/bd0b2c2b0f334bbee48828ff897c12bd2eb5898d03bf556dcc8942022cec795ac5bb5b6b585e2de687db6231faf07e096b59a361231dd8c9344d5df5f7f0e526
  languageName: node
  linkType: hard

"acorn@npm:^8.15.0":
  version: 8.15.0
  resolution: "acorn@npm:8.15.0"
  bin:
    acorn: bin/acorn
  checksum: 10c0/dec73ff59b7d6628a01eebaece7f2bdb8bb62b9b5926dcad0f8931f2b8b79c2be21f6c68ac095592adb5adb15831a3635d9343e6a91d028bbe85d564875ec3ec
  languageName: node
  linkType: hard

"eslint-visitor-keys@npm:^5.0.0":
  version: 5.0.0
  resolution: "eslint-visitor-keys@npm:5.0.0"
  checksum: 10c0/5ec68b7ae350f6e7813a9ab469f8c64e01e5a954e6e6ee6dc441cc24d315eb342e5fb81ab5fc21f352cf0125096ab4ed93ca892f602a1576ad1eedce591fe64a
  languageName: node
  linkType: hard

"espree@npm:^11.1.0":
  version: 11.1.0
  resolution: "espree@npm:11.1.0"
  dependencies:
    acorn: "npm:^8.15.0"
    acorn-jsx: "npm:^5.3.2"
    eslint-visitor-keys: "npm:^5.0.0"
  checksum: 10c0/32228d12896f5aa09f59fad8bf5df228d73310e436c21389876cdd21513b620c087d24b40646cdcff848540d11b078653db0e37ea67ac9c7012a12595d86630c
  languageName: node
  linkType: hard
