# THIS IS AN AUTOGENERATED FILE. DO NOT EDIT THIS FILE DIRECTLY.
# yarn lockfile v1


"@sveltejs/acorn-typescript@1.0.5":
  version "1.0.5"
  resolved "https://registry.yarnpkg.com/@sveltejs/acorn-typescript/-/acorn-typescript-1.0.5.tgz#f518101d1b2e12ce80854f1cd850d3b9fb91d710"
  integrity sha512-IwQk4yfwLdibDlrXVE04jTZYlLnwsTT2PIOQQGNLWfjavGifnk1JD1LcZjZaBTRcxZu2FfPfNLOE04DSu9lqtQ==

acorn-globals@6.0.0:
  version "6.0.0"
  resolved "https://registry.yarnpkg.com/acorn-globals/-/acorn-globals-6.0.0.tgz#46cdd39f0f8ff08a876619b55f5ac8a6dc770b45"
  integrity sha512-ZQl7LOWaF5ePqqcX4hLuv/bLXYQNfNWw2c0/yX/TsPRKamzHcTGQnlCjHT3TsmkOUVEPS3crCxiPfdzE/Trlhg==
  dependencies:
    acorn "^7.1.1"
    acorn-walk "^7.1.1"

acorn-jsx@^5.3.2:
  version "5.3.2"
  resolved "https://registry.yarnpkg.com/acorn-jsx/-/acorn-jsx-5.3.2.tgz#7ed5bb55908b3b2f1bc55c6af1653bada7f07937"
  integrity sha512-rq9s+JNhf0IChjtDXxllJ7g41oZk5SlXtp0LHwyA5cejwn7vKmKp4pPri6YEePv2PU65sAsegbXtIinmDFDXgQ==

acorn-walk@^7.1.1:
  version "7.2.0"
  resolved "https://registry.yarnpkg.com/acorn-walk/-/acorn-walk-7.2.0.tgz#0de889a601203909b0fbe07b8938dc21d2e967bc"
  integrity sha512-OPdCF6GsMIP+Az+aWfAAOEt2/+iVDKE7oy6lJ098aoe59oAmK76qV6Gw60SbZ8jHuG2wH058GF4pLFbYamYrVA==

acorn@^7.1.1:
  version "7.4.1"
  resolved "https://registry.yarnpkg.com/acorn/-/acorn-7.4.1.tgz#feaed255973d2e77555b83dbc08851a6c63520fa"
  integrity sha512-nQyp0o1/mNdbTO1PO6kHkwSrmgZ0MT/jCCpNiwbUjGoRN4dlBhqJtoQuCnEOKzgTVwg0ZWiCoQy6SxMebQVh8A==

acorn@^8.15.0:
  version "8.15.0"
  resolved "https://registry.yarnpkg.com/acorn/-/acorn-8.15.0.tgz#a360898bc415edaac46c8241f6383975b930b816"
  integrity sha512-NZyJarBfL7nWwIq+FDL6Zp/yHEhePMNnnJ0y3qfieCrmNvYct8uvtiV41UvlSe6apAfk0fY1FbWx+NwfmpvtTg==

eslint-visitor-keys@^5.0.0:
  version "5.0.0"
  resolved "https://registry.yarnpkg.com/eslint-visitor-keys/-/eslint-visitor-keys-5.0.0.tgz#b9aa1a74aa48c44b3ae46c1597ce7171246a94a9"
  integrity sha512-A0XeIi7CXU7nPlfHS9loMYEKxUaONu/hTEzHTGba9Huu94Cq1hPivf+DE5erJozZOky0LfvXAyrV/tcswpLI0Q==

espree@^11.1.0:
  version "11.1.0"
  resolved "https://registry.yarnpkg.com/espree/-/espree-11.1.0.tgz#7d0c82a69f8df670728dba256264b383fbf73e8f"
  integrity sha512-WFWYhO1fV4iYkqOOvq8FbqIhr2pYfoDY0kCotMkDeNtGpiGGkZ1iov2u8ydjtgM8yF8rzK7oaTbw2NAzbAbehw==
  dependencies:
    acorn "^8.15.0"
    acorn-jsx "^5.3.2"
    eslint-visitor-keys "^5.0.0"
