# This file is generated by running "yarn install" inside your project.
# Manual changes might be lost - proceed with caution!

__metadata:
  version: 4
  cacheKey: 7

"@chastelock/recursion-a@npm:^0.1.0":
  version: 0.1.0
  resolution: "@chastelock/recursion-a@npm:0.1.0"
  dependencies:
    "@chastelock/recursion-b": ^0.1.0
  checksum: 0f2fd0cb7c1326308e965e852489fcce846ac24544d0144bc31e3635c0caa002aad258c73c845356765b50833c28ea55644a9efd88f4d5459415bfb13524a0d5
  languageName: node
  linkType: hard

"@chastelock/recursion-b@0.1.0":
  version: 0.1.0
  resolution: "@chastelock/recursion-b@npm:0.1.0"
  dependencies:
    "@chastelock/recursion-a": ^0.1.0
  checksum: 4e92e594ba6d62800628f092500d3d30b5e489d1b0863853fb530c9e85490684aef79ad5d34f1a91f2f66fbb82a62096119107e10f5469c85de31c31d3b5b830
  languageName: node
  linkType: hard

"@chastelock/recursion-b@patch:@chastelock/recursion-b@0.1.0#./patches/recursion-b.patch::locator=%40chastelock%2Ftestcase%40workspace%3A.":
  version: 0.1.0
  resolution: "@chastelock/recursion-b@patch:@chastelock/recursion-b@npm%3A0.1.0#./patches/recursion-b.patch::version=0.1.0&hash=535f4f&locator=%40chastelock%2Ftestcase%40workspace%3A."
  dependencies:
    "@chastelock/recursion-a": ^0.1.0
  checksum: f58f19fa9a9389c3fe694d4604acd080747eeed26c071969d74dd9bae504fb7ca72326e939f96c8be1f2cada69393baf04154c685193e308c70409cfbbdf1689
  languageName: node
  linkType: hard

"@chastelock/testcase@workspace:.":
  version: 0.0.0-use.local
  resolution: "@chastelock/testcase@workspace:."
  dependencies:
    "@chastelock/recursion-a": ^0.1.0
  languageName: unknown
  linkType: soft
