# This file is generated by running "yarn install" inside your project.
# Manual changes might be lost - proceed with caution!

__metadata:
  version: 6
  cacheKey: 8

"@chastelock/balls@workspace:balls":
  version: 0.0.0-use.local
  resolution: "@chastelock/balls@workspace:balls"
  dependencies:
    ligma-api: ^1.0.0
  languageName: unknown
  linkType: soft

"ligma-api@^1.0.0, ligma-api@workspace:ligma-api":
  version: 0.0.0-use.local
  resolution: "ligma-api@workspace:ligma-api"
  dependencies:
    long: ^5.0.0
  languageName: unknown
  linkType: soft

"long@npm:^5.0.0":
  version: 5.2.3
  resolution: "long@npm:5.2.3"
  checksum: 885ede7c3de4facccbd2cacc6168bae3a02c3e836159ea4252c87b6e34d40af819824b2d4edce330bfb5c4d6e8ce3ec5864bdcf9473fa1f53a4f8225860e5897
  languageName: node
  linkType: hard

"root-workspace-0b6124@workspace:.":
  version: 0.0.0-use.local
  resolution: "root-workspace-0b6124@workspace:."
  languageName: unknown
  linkType: soft
