{
  "__metadata": {
    "version": 9
  },
  "entries": {
    "ligma-api@npm:^1.0.0": {
      "checksum": null,
      "resolution": {
        "resolution": "ligma-api@workspace:ligma-api",
        "version": "1.0.0",
        "dependencies": {
          "long": "^5.0.0"
        }
      }
    },
    "long@npm:^5.0.0": {
      "checksum": "0e9d7f582b0050245cb8f8668f70257f44d3c39b5b4eb817adaf45502b114edcc6753dc7a36ccb66dac05c7789a751987adbf7cc67fbd83002c481e0d6211d32",
      "resolution": {
        "resolution": "long@npm:5.2.3",
        "version": "5.2.3"
      }
    }
  }
}