# This file is generated by running "yarn install" inside your project.
# Manual changes might be lost - proceed with caution!

__metadata:
  version: 4
  cacheKey: 7

"@chastelock/testcase@workspace:.":
  version: 0.0.0-use.local
  resolution: "@chastelock/testcase@workspace:."
  dependencies:
    nop: latest
  languageName: unknown
  linkType: soft

"nop@npm:latest":
  version: 1.0.0
  resolution: "nop@npm:1.0.0"
  checksum: 0622d8c9f274fd0a3aad2a20e6af4a0bbda29fbf690edb9dc84047c991d80faaaa665116a7b76b413e6d3018eea4014a5887ba1a107f548693ef74e9685ebdb7
  languageName: node
  linkType: hard
