# This file is generated by running "yarn install" inside your project.
# Manual changes might be lost - proceed with caution!

__metadata:
  version: 6
  cacheKey: 8

"@bufbuild/protobuf@npm:~1.0":
  version: 1.0.0
  resolution: "@bufbuild/protobuf@npm:1.0.0"
  checksum: c2247e81c8858ef2e3bebbc868d075ede0296e75dddcb21cf1bab25b063d0af8c96cd8f28579541afd52c3e18ec8f4ccbdae2a8b906f0260c81a2b63945d3ead
  languageName: node
  linkType: hard

"@bufbuild/protobuf@npm:~1.9":
  version: 1.9.0
  resolution: "@bufbuild/protobuf@npm:1.9.0"
  checksum: 2e276d3cf1367683e04a85fbb6fd361e29ec91cba0b6ab9dc3e2bfbbd886c7f781036ffcbabeb352951344a2004b93dbba2f2fdb5731c6e6967b36c804a22a8e
  languageName: node
  linkType: hard

"@bufbuild/protoc-gen-es@npm:^1.8":
  version: 1.10.1
  resolution: "@bufbuild/protoc-gen-es@npm:1.10.1"
  dependencies:
    "@bufbuild/protobuf": ^1.10.1
    "@bufbuild/protoplugin": 1.10.1
  peerDependencies:
    "@bufbuild/protobuf": 1.10.1
  peerDependenciesMeta:
    "@bufbuild/protobuf":
      optional: true
  bin:
    protoc-gen-es: bin/protoc-gen-es
  checksum: b595b995981b8a575204d5bbc41f52b282ecd285bf3665d691a3caa922b0b34483dc9269518fb615cdb7994f75c7952171dc6f4de1ae3a4d03044985015f28ea
  languageName: node
  linkType: hard

"@bufbuild/protoplugin@npm:nop@1.0.0":
  version: 1.0.0
  resolution: "nop@npm:1.0.0"
  checksum: de845ee0da1f82caffc19936953bc69946ca2ed808e8fb36aa009b2328eda94fc9c6cc5447158b7505224683c10925946d817b4ec27be0befde17fe7a1b2a244
  languageName: node
  linkType: hard

"@chastelock/testcase@workspace:.":
  version: 0.0.0-use.local
  resolution: "@chastelock/testcase@workspace:."
  dependencies:
    "@bufbuild/protobuf": ~1.0
    "@bufbuild/protoc-gen-es": ^1.8
  languageName: unknown
  linkType: soft
