# This file is generated by running "yarn install" inside your project.
# Manual changes might be lost - proceed with caution!

__metadata:
  version: 6
  cacheKey: 8

"@chastelock/testcase@workspace:.":
  version: 0.0.0-use.local
  resolution: "@chastelock/testcase@workspace:."
  dependencies:
    jsonfile: 4.0.0
  languageName: unknown
  linkType: soft

"graceful-fs@npm:^4.1.6":
  version: 4.2.11
  resolution: "graceful-fs@npm:4.2.11"
  checksum: ac85f94da92d8eb6b7f5a8b20ce65e43d66761c55ce85ac96df6865308390da45a8d3f0296dd3a663de65d30ba497bd46c696cc1e248c72b13d6d567138a4fc7
  languageName: node
  linkType: hard

"jsonfile@npm:4.0.0":
  version: 4.0.0
  resolution: "jsonfile@npm:4.0.0"
  dependencies:
    graceful-fs: ^4.1.6
  dependenciesMeta:
    graceful-fs:
      optional: true
  checksum: 6447d6224f0d31623eef9b51185af03ac328a7553efcee30fa423d98a9e276ca08db87d71e17f2310b0263fd3ffa6c2a90a6308367f661dc21580f9469897c9e
  languageName: node
  linkType: hard
