# This file is generated by running "yarn install" inside your project.
# Manual changes might be lost - proceed with caution!

__metadata:
  version: 4
  cacheKey: 7

"@chastelock/testcase@workspace:.":
  version: 0.0.0-use.local
  resolution: "@chastelock/testcase@workspace:."
  dependencies:
    mime-db: =1.54.0
    mime-types: 2.1.35
  peerDependencies:
    mime-db: 1.54.1
  languageName: unknown
  linkType: soft

"mime-db@npm:1.52.0":
  version: 1.52.0
  resolution: "mime-db@npm:1.52.0"
  checksum: cfa3f12a40091755ec89f2fb50d361952acf2d9acb72b8cfc5b1c1a8581fa1b906929410db8ab834f9d8dd913fe0083e58900d6b8570803b42cf16499ed57b08
  languageName: node
  linkType: hard

"mime-db@npm:=1.54.0":
  version: 1.54.0
  resolution: "mime-db@npm:1.54.0"
  checksum: e086c7cec0d280621a3fcf979b10016edf4fc2f136d52a20567191e710649426826dfbe25137dfc788d1fe055dc25242b1da0ea376665e0f97da953bc5b337a7
  languageName: node
  linkType: hard

"mime-types@npm:2.1.35":
  version: 2.1.35
  resolution: "mime-types@npm:2.1.35"
  dependencies:
    mime-db: 1.52.0
  checksum: 1cbad57696e48f729add20e242f03f8b956a42a3e6e2ecd3ff74fe50ad8308d175961f88e117996dd5ec96b2d64ec69646206ddfc3dae02a629b6b2129e5e30c
  languageName: node
  linkType: hard
