# This file is generated by running "yarn install" inside your project.
# Manual changes might be lost - proceed with caution!

__metadata:
  version: 6
  cacheKey: 8

"@a/empty@npm:0.0.1":
  version: 0.0.1
  resolution: "@a/empty@npm:0.0.1::__archiveUrl=https%3A%2F%2Fcodeberg.org%2Fapi%2Fpackages%2Flibselfisekai%2Fnpm%2F%2540a%252Fempty%2F-%2F0.0.1%2Fempty-0.0.1.tgz"
  checksum: ef282c0e37d7b0dc8eaed3c14b90bebee000426453dd3f5fb9134170bba5dc50c461c818c33c6eaceb2a3e4f5cc7f442dba7a0f9464d6d3a8fcb2554d4479bca
  languageName: node
  linkType: hard

"@chastelock/testcase@workspace:.":
  version: 0.0.0-use.local
  resolution: "@chastelock/testcase@workspace:."
  dependencies:
    "@a/empty": 0.0.1
  languageName: unknown
  linkType: soft
