# This file is generated by running "yarn install" inside your project.
# Manual changes might be lost - proceed with caution!

__metadata:
  version: 8
  cacheKey: 10c0

"@chastelock/testcase@workspace:.":
  version: 0.0.0-use.local
  resolution: "@chastelock/testcase@workspace:."
  dependencies:
    react: "npm:^19.0.0"
    react-dom: "npm:^19.0.0"
    react-router: "npm:^7.2.0"
  languageName: unknown
  linkType: soft

"@types/cookie@npm:^0.6.0":
  version: 0.6.0
  resolution: "@types/cookie@npm:0.6.0"
  checksum: 10c0/5b326bd0188120fb32c0be086b141b1481fec9941b76ad537f9110e10d61ee2636beac145463319c71e4be67a17e85b81ca9e13ceb6e3bb63b93d16824d6c149
  languageName: node
  linkType: hard

"cookie@npm:^1.0.1":
  version: 1.0.2
  resolution: "cookie@npm:1.0.2"
  checksum: 10c0/fd25fe79e8fbcfcaf6aa61cd081c55d144eeeba755206c058682257cb38c4bd6795c6620de3f064c740695bb65b7949ebb1db7a95e4636efb8357a335ad3f54b
  languageName: node
  linkType: hard

"react-dom@npm:^19.0.0":
  version: 19.0.0
  resolution: "react-dom@npm:19.0.0"
  dependencies:
    scheduler: "npm:^0.25.0"
  peerDependencies:
    react: ^19.0.0
  checksum: 10c0/a36ce7ab507b237ae2759c984cdaad4af4096d8199fb65b3815c16825e5cfeb7293da790a3fc2184b52bfba7ba3ff31c058c01947aff6fd1a3701632aabaa6a9
  languageName: node
  linkType: hard

"react-router@npm:^7.2.0":
  version: 7.2.0
  resolution: "react-router@npm:7.2.0"
  dependencies:
    "@types/cookie": "npm:^0.6.0"
    cookie: "npm:^1.0.1"
    set-cookie-parser: "npm:^2.6.0"
    turbo-stream: "npm:2.4.0"
  peerDependencies:
    react: ">=18"
    react-dom: ">=18"
  peerDependenciesMeta:
    react-dom:
      optional: true
  checksum: 10c0/eb3fe57405a90d22f0a5455a3f73ec60fe2808a579d37bf130c192dfde18ebab06353e2cda2ed0f67701a6c43445eab1c1b6caa1347e5635dc65ff3028b7c2e2
  languageName: node
  linkType: hard

"react@npm:^19.0.0":
  version: 19.0.0
  resolution: "react@npm:19.0.0"
  checksum: 10c0/9cad8f103e8e3a16d15cb18a0d8115d8bd9f9e1ce3420310aea381eb42aa0a4f812cf047bb5441349257a05fba8a291515691e3cb51267279b2d2c3253f38471
  languageName: node
  linkType: hard

"scheduler@npm:^0.25.0":
  version: 0.25.0
  resolution: "scheduler@npm:0.25.0"
  checksum: 10c0/a4bb1da406b613ce72c1299db43759526058fdcc413999c3c3e0db8956df7633acf395cb20eb2303b6a65d658d66b6585d344460abaee8080b4aa931f10eaafe
  languageName: node
  linkType: hard

"set-cookie-parser@npm:^2.6.0":
  version: 2.7.1
  resolution: "set-cookie-parser@npm:2.7.1"
  checksum: 10c0/060c198c4c92547ac15988256f445eae523f57f2ceefeccf52d30d75dedf6bff22b9c26f756bd44e8e560d44ff4ab2130b178bd2e52ef5571bf7be3bd7632d9a
  languageName: node
  linkType: hard

"turbo-stream@npm:2.4.0":
  version: 2.4.0
  resolution: "turbo-stream@npm:2.4.0"
  checksum: 10c0/e68b2569f1f16e6e9633d090c6024b2ae9f0e97bfeacb572451ca3732e120ebbb546f3bc4afc717c46cb57b5aea6104e04ef497f9912eef6a7641e809518e98a
  languageName: node
  linkType: hard
