# This file is generated by running "yarn install" inside your project.
# Manual changes might be lost - proceed with caution!

__metadata:
  version: 8
  cacheKey: 10

"@chastelock/testcase@workspace:.":
  version: 0.0.0-use.local
  resolution: "@chastelock/testcase@workspace:."
  dependencies:
    maitred-cache: "npm:^1.0.1"
  languageName: unknown
  linkType: soft

"base64-js@npm:^1.3.1":
  version: 1.5.1
  resolution: "base64-js@npm:1.5.1"
  checksum: 10/669632eb3745404c2f822a18fc3a0122d2f9a7a13f7fb8b5823ee19d1d2ff9ee5b52c53367176ea4ad093c332fd5ab4bd0ebae5a8e27917a4105a4cfc86b1005
  languageName: node
  linkType: hard

"buffer@npm:^5.6.0":
  version: 5.7.1
  resolution: "buffer@npm:5.7.1"
  dependencies:
    base64-js: "npm:^1.3.1"
    ieee754: "npm:^1.1.13"
  checksum: 10/997434d3c6e3b39e0be479a80288875f71cd1c07d75a3855e6f08ef848a3c966023f79534e22e415ff3a5112708ce06127277ab20e527146d55c84566405c7c6
  languageName: node
  linkType: hard

"ieee754@npm:^1.1.13":
  version: 1.2.1
  resolution: "ieee754@npm:1.2.1"
  checksum: 10/d9f2557a59036f16c282aaeb107832dc957a93d73397d89bbad4eb1130560560eb695060145e8e6b3b498b15ab95510226649a0b8f52ae06583575419fe10fc4
  languageName: node
  linkType: hard

"lodash@npm:^4.17.21":
  version: 4.17.23
  resolution: "lodash@npm:4.17.23"
  checksum: 10/82504c88250f58da7a5a4289f57a4f759c44946c005dd232821c7688b5fcfbf4a6268f6a6cdde4b792c91edd2f3b5398c1d2a0998274432cff76def48735e233
  languageName: node
  linkType: hard

"maitred-cache@npm:^1.0.1":
  version: 1.0.1
  resolution: "maitred-cache@npm:1.0.1"
  dependencies:
    lodash: "npm:^4.17.21"
    object-sizeof: "npm:^1.6.1"
    string-hash: "npm:^1.1.3"
  checksum: 10/600f7e66d864b552a718c0a9208c3cf4df6bace37cd644335bfdf218d21f798a30212fa6805b8208326ce198159ac27878651b069c34951a4599e6068a0b29d1
  languageName: node
  linkType: hard

"object-sizeof@npm:^1.6.1":
  version: 1.6.3
  resolution: "object-sizeof@npm:1.6.3"
  dependencies:
    buffer: "npm:^5.6.0"
  checksum: 10/28639b8597b64fcc59500429597e14d44a91f1d75103a599a65fd01579c78d3b02c2be3b69f92651f853246953eb3f604fc2e87648cdf10c56a7afcf2303218a
  languageName: node
  linkType: hard

"string-hash@npm:1.1.3":
  version: 1.1.3
  resolution: "string-hash@npm:1.1.3"
  checksum: 10/104b8667a5e0dc71bfcd29fee09cb88c6102e27bfb07c55f95535d90587d016731d52299380052e514266f4028a7a5172e0d9ac58e2f8f5001be61dc77c0754d
  languageName: node
  linkType: hard

"string-hash@patch:string-hash@npm%3A1.1.3#~/.yarn/patches/string-hash-npm-1.1.3-3cb8892e7c.patch":
  version: 1.1.3
  resolution: "string-hash@patch:string-hash@npm%3A1.1.3#~/.yarn/patches/string-hash-npm-1.1.3-3cb8892e7c.patch::version=1.1.3&hash=0c8247"
  checksum: 10/9d0c6f227fd95db635d88780445bf2b1fed44fe5c010faa289998483abbf8905777e544832c023e53acabefcc598ab8bcae435d523983bd7cc56abeb0e20d4ca
  languageName: node
  linkType: hard
