# THIS IS AN AUTOGENERATED FILE. DO NOT EDIT THIS FILE DIRECTLY.
# yarn lockfile v1


"@chastelock/recursion-a@^0.1.0":
  version "0.1.0"
  resolved "https://registry.yarnpkg.com/@chastelock/recursion-a/-/recursion-a-0.1.0.tgz#a46b0e96d900a1563d2534db45b9948e30555de3"
  integrity sha512-mCv/F9+1t8ZsglREQBPqeWnwtC1355o6j4wfIEuOHuWkLLNptZDsihp6scNY38xBN1LR8P/gZiWpiOifxDXeKw==
  dependencies:
    "@chastelock/recursion-b" "^0.1.0"

"@chastelock/recursion-b@^0.1.0":
  version "0.1.0"
  resolved "https://registry.yarnpkg.com/@chastelock/recursion-b/-/recursion-b-0.1.0.tgz#e0d2835ef79768600bac7c6cc46d75229009c46a"
  integrity sha512-juafxhBPP8a5IV7tSjkK7ekQy53QhIBrNDtm6I8Ssym5HYbOHnnGoqyWOcM1EMW1339trBeUnEMB//BZIiMc6w==
  dependencies:
    "@chastelock/recursion-a" "^0.1.0"
