# This file is generated by running "yarn install" inside your project.
# Manual changes might be lost - proceed with caution!

__metadata:
  version: 6

"@chastelock/testcase@workspace:.":
  version: 0.0.0-use.local
  resolution: "@chastelock/testcase@workspace:."
  peerDependencies:
    is-even: ^1.0.0
  languageName: unknown
  linkType: soft
