{
    "name": "v3_workspace_basic",
    "lockfileVersion": 3,
    "requires": true,
    "packages": {
        "": {
            "workspaces": [
                "ligma-api",
                "balls"
            ]
        },
        "balls": {
            "name": "@chastelock/balls",
            "version": "1.0.0",
            "dependencies": {
                "ligma-api": "^1.0.0"
            }
        },
        "ligma-api": {
            "version": "1.0.0",
            "dependencies": {
                "long": "^5.0.0"
            }
        },
        "node_modules/@chastelock/balls": {
            "resolved": "balls",
            "link": true
        },
        "node_modules/ligma-api": {
            "resolved": "ligma-api",
            "link": true
        },
        "node_modules/long": {
            "version": "5.2.3",
            "resolved": "https://registry.npmjs.org/long/-/long-5.2.3.tgz",
            "integrity": "sha512-lcHwpNoggQTObv5apGNCTdJrO69eHOZMi4BNC+rTLER8iHAqGrUVeLh/irVIM7zTw2bOXA8T6uNPeujwOLg/2Q==",
            "license": "Apache-2.0"
        }
    }
}
