# This file is generated by running "yarn install" inside your project.
# Manual changes might be lost - proceed with caution!

__metadata:
  version: 8
  cacheKey: 10

"@chastelock/recursion-a@npm:^0.1.0":
  version: 0.1.0
  resolution: "@chastelock/recursion-a@npm:0.1.0"
  dependencies:
    "@chastelock/recursion-b": "npm:^0.1.0"
  checksum: 10/bbeda6576240f8d0df3487b554283c848dec3cfc773a4f22c7a91fa6d06b856d189e241dfc79083767e46590f9481f4fccd6f02be4facf5e071c9dbf97c46b34
  languageName: node
  linkType: hard

"@chastelock/recursion-b@npm:0.1.0":
  version: 0.1.0
  resolution: "@chastelock/recursion-b@npm:0.1.0"
  dependencies:
    "@chastelock/recursion-a": "npm:^0.1.0"
  checksum: 10/da23fcba78c79b7b527f683663834040d2d638008ab6a954c6861aaa0a93383c2f21cd553f367150b46fa71d7f85c9d00114966999410998eea917f929b726eb
  languageName: node
  linkType: hard

"@chastelock/recursion-b@patch:@chastelock/recursion-b@0.1.0#./patches/recursion-b.patch::locator=%40chastelock%2Ftestcase%40workspace%3A.":
  version: 0.1.0
  resolution: "@chastelock/recursion-b@patch:@chastelock/recursion-b@npm%3A0.1.0#./patches/recursion-b.patch::version=0.1.0&hash=8415bb&locator=%40chastelock%2Ftestcase%40workspace%3A."
  dependencies:
    "@chastelock/recursion-a": "npm:^0.1.0"
  checksum: 10/e78d341b7fd9eeba8a83b0b828329f56cc71c8bb5ef14edc380ebea67738b250a88b7f3fdcf2a42cb29d7d7d2a47a348218337d6fc175d69c5555ae96bfe2d62
  languageName: node
  linkType: hard

"@chastelock/testcase@workspace:.":
  version: 0.0.0-use.local
  resolution: "@chastelock/testcase@workspace:."
  dependencies:
    "@chastelock/recursion-a": "npm:^0.1.0"
  languageName: unknown
  linkType: soft
