{
  "__metadata": {
    "version": 9
  },
  "entries": {
    "node-semver@ssh://git@github.com/npm/node-semver.git#semver=^7.5.0": {
      "checksum": "dfe2343f80cfd87e8f30ae644d701c8463c8681dbefd5abb33041d7588d9d208f4a079e5331d0c92931eec1d6379e10d5a1e19b201eb09182a938234b8251ab8",
      "resolution": {
        "resolution": "node-semver@git:ssh://git@github.com/npm/node-semver.git#commit=refs%2Ftags%2Fv7.6.3",
        "version": "7.6.3"
      }
    }
  }
}