# This file is generated by running "yarn install" inside your project.
# Manual changes might be lost - proceed with caution!

__metadata:
  version: 8
  cacheKey: 10c0

"@chastelock/testcase@workspace:.":
  version: 0.0.0-use.local
  resolution: "@chastelock/testcase@workspace:."
  dependencies:
    "@sveltejs/acorn-typescript": "npm:^1"
    acorn-globals: "npm:~6.0"
  languageName: unknown
  linkType: soft

"@sveltejs/acorn-typescript@npm:^1":
  version: 1.0.8
  resolution: "@sveltejs/acorn-typescript@npm:1.0.8"
  peerDependencies:
    acorn: ^8.9.0
  checksum: 10c0/3de68af48db0b9cbc82872b218cd9134f494ba7716872e8c11bfdbb156b11dba2205541a627eed943733e4a4e8bbb261fe898bf7659105e1a4c641033fe3d4fe
  languageName: node
  linkType: hard

"acorn-globals@npm:~6.0":
  version: 6.0.0
  resolution: "acorn-globals@npm:6.0.0"
  dependencies:
    acorn: "npm:^7.1.1"
    acorn-walk: "npm:^7.1.1"
  checksum: 10c0/5f92390a3fd7e5a4f84fe976d4650e2a33ecf27135aa9efc5406e3406df7f00a1bbb00648ee0c8058846f55ad0924ff574e6c73395705690e754589380a41801
  languageName: node
  linkType: hard

"acorn-walk@npm:^7.1.1":
  version: 7.2.0
  resolution: "acorn-walk@npm:7.2.0"
  checksum: 10c0/ff99f3406ed8826f7d6ef6ac76b7608f099d45a1ff53229fa267125da1924188dbacf02e7903dfcfd2ae4af46f7be8847dc7d564c73c4e230dfb69c8ea8e6b4c
  languageName: node
  linkType: hard

"acorn@npm:^7.1.1":
  version: 7.4.1
  resolution: "acorn@npm:7.4.1"
  bin:
    acorn: bin/acorn
  checksum: 10c0/bd0b2c2b0f334bbee48828ff897c12bd2eb5898d03bf556dcc8942022cec795ac5bb5b6b585e2de687db6231faf07e096b59a361231dd8c9344d5df5f7f0e526
  languageName: node
  linkType: hard
