# This file is generated by running "yarn install" inside your project.
# Manual changes might be lost - proceed with caution!

__metadata:
  version: 4
  cacheKey: 7

"@chastelock/testcase@workspace:.":
  version: 0.0.0-use.local
  resolution: "@chastelock/testcase@workspace:."
  dependencies:
    express: 4.21.0
  languageName: unknown
  linkType: soft

"accepts@npm:~1.3.8":
  version: 1.3.8
  resolution: "accepts@npm:1.3.8"
  dependencies:
    mime-types: ~2.1.34
    negotiator: 0.6.3
  checksum: 1e824f92b5ae17715cee9bce2496bf05fd173d2e8545c63782954661c93b6b47d3db78ce260b7628d624847fda30604dc174d1822fcc880376047e47ab0ea297
  languageName: node
  linkType: hard

"array-flatten@npm:1.1.1":
  version: 1.1.1
  resolution: "array-flatten@npm:1.1.1"
  checksum: de7a056451ff7891bb1bcda6ce2a50448ca70f63cd0fa7aa90430d288b6dc2931517b6853ce16c473a7f40fa6eaa874e20b6151616db93375471d1ffadfb1d3d
  languageName: node
  linkType: hard

"body-parser@npm:1.20.3":
  version: 1.20.3
  resolution: "body-parser@npm:1.20.3"
  dependencies:
    bytes: 3.1.2
    content-type: ~1.0.5
    debug: 2.6.9
    depd: 2.0.0
    destroy: 1.2.0
    http-errors: 2.0.0
    iconv-lite: 0.4.24
    on-finished: 2.4.1
    qs: 6.13.0
    raw-body: 2.5.2
    type-is: ~1.6.18
    unpipe: 1.0.0
  checksum: c5629e9dbfd3d2ee9a4768562ae94f5da492ce22998866f726f444126b697d2e5947badf4e270e6e13fe919cb9977c4f5b1e6ca6b9ea69a66f3f7a5aaf4d6690
  languageName: node
  linkType: hard

"bytes@npm:3.1.2":
  version: 3.1.2
  resolution: "bytes@npm:3.1.2"
  checksum: 5d6285ef0efde430b07b5a76b5d2bff69c7a89be240a0dc9b5ad181de346a0b53ca6b6e5332d14af455aee68f12ebe4e88fead0838339c28e9a00674f25a82bb
  languageName: node
  linkType: hard

"call-bind-apply-helpers@npm:^1.0.1":
  version: 1.0.1
  resolution: "call-bind-apply-helpers@npm:1.0.1"
  dependencies:
    es-errors: ^1.3.0
    function-bind: ^1.1.2
  checksum: 7cbfe11d984fb409c346043c185ce4cdb6271306948da4f9e4292d3543917fe854d97af486005e9444c9ea69b202057599c8fc5bd511ebb529f798d17422f092
  languageName: node
  linkType: hard

"call-bound@npm:^1.0.2":
  version: 1.0.3
  resolution: "call-bound@npm:1.0.3"
  dependencies:
    call-bind-apply-helpers: ^1.0.1
    get-intrinsic: ^1.2.6
  checksum: daebc02b8c15981f865051b6d336f9769b887381ee7039ec9a9b9d02e367818e0ec9817d732ac7a0251ddd11a4e44cc042ae2ce2b2be2dc350a7c1cbb0bdf7d1
  languageName: node
  linkType: hard

"content-disposition@npm:0.5.4":
  version: 0.5.4
  resolution: "content-disposition@npm:0.5.4"
  dependencies:
    safe-buffer: 5.2.1
  checksum: 44169dbbfd5f1d48cc0cf27b1196b0da485c7d2d4b22c3c20a75babbbdd2bc6028b7afa66a9f2e2a4b14cab8506823cca227cc63e7297e17b9e9b1c00593f6db
  languageName: node
  linkType: hard

"content-type@npm:~1.0.5":
  version: 1.0.5
  resolution: "content-type@npm:1.0.5"
  checksum: b9048d1de893fcbc79c94dd17c6080e5cf9a8b35b322674be91e76c0831504f857d2caf7ce29d330e4e5f20ba914164377c99b3285cfe7ffbe64afe976dacd7b
  languageName: node
  linkType: hard

"cookie-signature@npm:1.0.6":
  version: 1.0.6
  resolution: "cookie-signature@npm:1.0.6"
  checksum: 305054e102eebd0a483c63aefdc3abf54a9471bed5eb12be56c0dcf35a94110b8a13139b27751ab07a5ef09e9f4190ee67f71e9d3acf1748e6e2f1aed338c987
  languageName: node
  linkType: hard

"cookie@npm:0.6.0":
  version: 0.6.0
  resolution: "cookie@npm:0.6.0"
  checksum: 66870d204a3df607053f277b2e2c17fa39c9b2ea94e0b0c208528169b7b00e08b07729947f2e6a7644460dcfe985babf62f9a46fe796c5422e788201fd20490c
  languageName: node
  linkType: hard

"debug@npm:2.6.9":
  version: 2.6.9
  resolution: "debug@npm:2.6.9"
  dependencies:
    ms: 2.0.0
  checksum: 559f44f98cf25e2ee489022aec173afbff746564cb108c4493becb95bc3c017a67bdaa25a0ff64801fd32c35051d00af0e56cc7f762ae2c3bc089496e5a1c31b
  languageName: node
  linkType: hard

"depd@npm:2.0.0":
  version: 2.0.0
  resolution: "depd@npm:2.0.0"
  checksum: 20726d843f5ab5e933211fcb5a440a1a3986ef9d6f85d38cf1eae815ea3cc12fa4436bd35a38e21bdb391a021b57f2d97b9f856873852506acac1b07ac913ba4
  languageName: node
  linkType: hard

"destroy@npm:1.2.0":
  version: 1.2.0
  resolution: "destroy@npm:1.2.0"
  checksum: fea2c89e4b4d06bfe1aa6b3e3678877cb5503aeaa9048aa85e2cabc4f04effa7b67b1ec67923c784f8ffe9e94f0162347c0c46ca24cbd9279e52116542a207d3
  languageName: node
  linkType: hard

"dunder-proto@npm:^1.0.1":
  version: 1.0.1
  resolution: "dunder-proto@npm:1.0.1"
  dependencies:
    call-bind-apply-helpers: ^1.0.1
    es-errors: ^1.3.0
    gopd: ^1.2.0
  checksum: d20bcc72d24bbae170dd9ed9c04c6584b9493df2056dafad9fb07c9c9eebf74fa3a2aea4f93ce6dbcb6c7460c633d2f3d60af066c3f6adfd84269f4394c4208c
  languageName: node
  linkType: hard

"ee-first@npm:1.1.1":
  version: 1.1.1
  resolution: "ee-first@npm:1.1.1"
  checksum: ba74f91398e3ee3b6d665b2f0d13ad6530e89a7e64ec886a6eec0602fb8a5a274652960e21bd5d4b42fdeb9017d873ff872f50342d38779e955285977edb337c
  languageName: node
  linkType: hard

"encodeurl@npm:~1.0.2":
  version: 1.0.2
  resolution: "encodeurl@npm:1.0.2"
  checksum: 6ee5fcbcd245d2a2b6bd6fe36b80f91e31ab46e29192c50af00e8f860c0c2310ebbdaae40257878fdce90b42abcb3526895c7c3a2e229461ed1f0d0b5a020fc8
  languageName: node
  linkType: hard

"encodeurl@npm:~2.0.0":
  version: 2.0.0
  resolution: "encodeurl@npm:2.0.0"
  checksum: 1fbc6b83fbd6b2d97ddd5ed1a47abe286eb4b45deb1e3ba4e8f3c9dfca846665f2054d039c89c52c873c992e9d5f81a7f3fe9273199f930584ffb14ceafa2393
  languageName: node
  linkType: hard

"es-define-property@npm:^1.0.1":
  version: 1.0.1
  resolution: "es-define-property@npm:1.0.1"
  checksum: 4fce443ce67af19891aa1c4b232307ef673a4285107eaf16b2fae8ca709090da4a5cc68cb05e8c8efb5dcdf97e81f9c8bbeb4eea2a30719620170eed432aa4db
  languageName: node
  linkType: hard

"es-errors@npm:^1.3.0":
  version: 1.3.0
  resolution: "es-errors@npm:1.3.0"
  checksum: 46c70b612dd7441b73035ecc7ca7bd18695377bf1928a1d2676672d6fb0275ebf0a7b4ac0d40ceb2929a2ea54e877058b9ac77c15d2affa9910644e2cd5562c2
  languageName: node
  linkType: hard

"es-object-atoms@npm:^1.0.0":
  version: 1.0.0
  resolution: "es-object-atoms@npm:1.0.0"
  dependencies:
    es-errors: ^1.3.0
  checksum: 3472a8c8acbde0acda27e131792dcfbf6fda810b18eb06192b367c12badc896b63ff648a28339e12d9a00dfcfe3f8294b872c8c3ba01d4c69bac390e93fae9a9
  languageName: node
  linkType: hard

"escape-html@npm:~1.0.3":
  version: 1.0.3
  resolution: "escape-html@npm:1.0.3"
  checksum: 900a7f2b80b9f89c85b7a303d1b7a4d354b93e328871414f165f13c5c209a80eab787e3a63429e596877def69fe4dcb3d1b55af655207a901a9ec99f7f148743
  languageName: node
  linkType: hard

"etag@npm:~1.8.1":
  version: 1.8.1
  resolution: "etag@npm:1.8.1"
  checksum: f18341a3c12a554ec46c0d4756bc9cae177e92f25a4ebd9ceefebf0ee448b675972fc110879f22b1bf514174713921ae5de9ff77af2062d422b1085588465a57
  languageName: node
  linkType: hard

"express@npm:4.21.0":
  version: 4.21.0
  resolution: "express@npm:4.21.0"
  dependencies:
    accepts: ~1.3.8
    array-flatten: 1.1.1
    body-parser: 1.20.3
    content-disposition: 0.5.4
    content-type: ~1.0.4
    cookie: 0.6.0
    cookie-signature: 1.0.6
    debug: 2.6.9
    depd: 2.0.0
    encodeurl: ~2.0.0
    escape-html: ~1.0.3
    etag: ~1.8.1
    finalhandler: 1.3.1
    fresh: 0.5.2
    http-errors: 2.0.0
    merge-descriptors: 1.0.3
    methods: ~1.1.2
    on-finished: 2.4.1
    parseurl: ~1.3.3
    path-to-regexp: 0.1.10
    proxy-addr: ~2.0.7
    qs: 6.13.0
    range-parser: ~1.2.1
    safe-buffer: 5.2.1
    send: 0.19.0
    serve-static: 1.16.2
    setprototypeof: 1.2.0
    statuses: 2.0.1
    type-is: ~1.6.18
    utils-merge: 1.0.1
    vary: ~1.1.2
  checksum: a92fd0252649f9e2177fa11343d7eb90c40d8126051b59be074897d402dec56ba332e7fdbb253cf8102f116380fafc9d9e068bb8fc4fd888f537c18e556604f1
  languageName: node
  linkType: hard

"finalhandler@npm:1.3.1":
  version: 1.3.1
  resolution: "finalhandler@npm:1.3.1"
  dependencies:
    debug: 2.6.9
    encodeurl: ~2.0.0
    escape-html: ~1.0.3
    on-finished: 2.4.1
    parseurl: ~1.3.3
    statuses: 2.0.1
    unpipe: ~1.0.0
  checksum: f0d6b2cb07ebc049ac3ef1205b9ad9d98d648d0543f14f75c2db8d48cd72503e9f12574e8ba6492e82bb76804f335e3dfde8bc8d149efae00376d16cf91915ae
  languageName: node
  linkType: hard

"forwarded@npm:0.2.0":
  version: 0.2.0
  resolution: "forwarded@npm:0.2.0"
  checksum: 1e84548d8ffb072d7edd4c5375ce71e2631c28efcd1084c4578f1a71dd6c4b0d58a6ddcdc923514766030cf38068258971a919e91ffa472460ec0f6dac7209ea
  languageName: node
  linkType: hard

"fresh@npm:0.5.2":
  version: 0.5.2
  resolution: "fresh@npm:0.5.2"
  checksum: 2f76c8505d1ea5a6d5accea3e7aff0b796bfa43364c84929254f33909fa08640948bd1728220d1ff5f4c2b378a65e97da647f2fe0f2b7ddb44001f6e0dc2e91f
  languageName: node
  linkType: hard

"function-bind@npm:^1.1.2":
  version: 1.1.2
  resolution: "function-bind@npm:1.1.2"
  checksum: 0d0c3d1dbe839454b444f2b9ee49cfdc35e40ed48c46658ad7f45d7e8621479adad93195fdd509860c5a339a69e2ffd9312d2e2ddb8671c248c9ff2942124468
  languageName: node
  linkType: hard

"get-intrinsic@npm:^1.2.5, get-intrinsic@npm:^1.2.6":
  version: 1.2.7
  resolution: "get-intrinsic@npm:1.2.7"
  dependencies:
    call-bind-apply-helpers: ^1.0.1
    es-define-property: ^1.0.1
    es-errors: ^1.3.0
    es-object-atoms: ^1.0.0
    function-bind: ^1.1.2
    get-proto: ^1.0.0
    gopd: ^1.2.0
    has-symbols: ^1.1.0
    hasown: ^2.0.2
    math-intrinsics: ^1.1.0
  checksum: 1613c701c3be84f05f7409f1ff02d71b78eafbb61ed680821f4453cc69d7e426446a862752dd9ade38121df6e8e357690168531dc5fb4babaa9880105bd7e34f
  languageName: node
  linkType: hard

"get-proto@npm:^1.0.0":
  version: 1.0.1
  resolution: "get-proto@npm:1.0.1"
  dependencies:
    dunder-proto: ^1.0.1
    es-object-atoms: ^1.0.0
  checksum: b5b4331454085b7157dc7bad827243e726ecc9bb53c6dd965c6b624c448c80cd6f37af1b261ead4bf4fa3b6868b72e2acc5b845e9659eabdffab5b02831eeb80
  languageName: node
  linkType: hard

"gopd@npm:^1.2.0":
  version: 1.2.0
  resolution: "gopd@npm:1.2.0"
  checksum: 3159932a241cc9bb5f53a76e8efa36f0ce0e66d89a6ae41430a8797cf87935f487fce3a5113321d88a57023550556941582f7c539433c9c7872e76e99f10d867
  languageName: node
  linkType: hard

"has-symbols@npm:^1.1.0":
  version: 1.1.0
  resolution: "has-symbols@npm:1.1.0"
  checksum: eae5c93a43c5d887a83c4b3245fbf9f77fe52f9684ad8f33ff9b6e746ff2e2082f4acf5f33aed426e44491bcbc173a3527fc498238f12bf2c8f29df86cf8d2eb
  languageName: node
  linkType: hard

"hasown@npm:^2.0.2":
  version: 2.0.2
  resolution: "hasown@npm:2.0.2"
  dependencies:
    function-bind: ^1.1.2
  checksum: e29681c0d8d4deaaf24c88f34238827acaed982fabed30c1922bc39cb8c2ee5140e9b3e6f5bb181363ed6c24c04ae5c04432eb113375210345ce51894059b92d
  languageName: node
  linkType: hard

"http-errors@npm:2.0.0":
  version: 2.0.0
  resolution: "http-errors@npm:2.0.0"
  dependencies:
    depd: 2.0.0
    inherits: 2.0.4
    setprototypeof: 1.2.0
    statuses: 2.0.1
    toidentifier: 1.0.1
  checksum: 505c185dd64049f1fd71858646f4fb8dc79155f77e0da48d5edcea8a41322f273b8c5e6985bb82ececcd1ee6c6248e80c43bfaa6c1b048a0b967a04452b2ef10
  languageName: node
  linkType: hard

"iconv-lite@npm:0.4.24":
  version: 0.4.24
  resolution: "iconv-lite@npm:0.4.24"
  dependencies:
    safer-buffer: ">= 2.1.2 < 3"
  checksum: a9b9521066ee81853a8561e92bd7240bc5d3b7d5ef7da807a475e7858b0246e318b6af518c30a20a8749ef5eafeaa9631079446e4e696c7b60f468b34dc2cbfc
  languageName: node
  linkType: hard

"inherits@npm:2.0.4":
  version: 2.0.4
  resolution: "inherits@npm:2.0.4"
  checksum: 98426da247ddfc3dcd7d7daedd90c3ca32d5b08deca08949726f12d49232aef94772a07b36cf4ff833e105ae2ef931777f6de4a6dd8245a216b9299ad4a50bea
  languageName: node
  linkType: hard

"ipaddr.js@npm:1.9.1":
  version: 1.9.1
  resolution: "ipaddr.js@npm:1.9.1"
  checksum: de15bc7e63973d960abc43c9fbbf19589c726774f59d157d1b29382a1e86ae87c68cbd8b5c78a1712a87fc4fcd91e10762c7671950c66a1a19040ff4fd2f9c9b
  languageName: node
  linkType: hard

"math-intrinsics@npm:^1.1.0":
  version: 1.1.0
  resolution: "math-intrinsics@npm:1.1.0"
  checksum: 85a07274fa128499337332398a00131e0e6d1ea1531b159b6eca0af0e42b0a043e2f604165a7f13bc2bf3d281c83b5427fcd8b21f9b8b2b2fc216ec04dec5ef3
  languageName: node
  linkType: hard

"media-typer@npm:0.3.0":
  version: 0.3.0
  resolution: "media-typer@npm:0.3.0"
  checksum: be1c825782df7f38eebd451d778f6407bb15a59c8807a69e7f2ad74a25440e474536441c6bf583fdf2803ea23b866e91ff68f565cda297211dd89147758c8df3
  languageName: node
  linkType: hard

"merge-descriptors@npm:1.0.3":
  version: 1.0.3
  resolution: "merge-descriptors@npm:1.0.3"
  checksum: c61d7d3f8a3cddab31269fbe7b4372719003de5327af4de20906b0e650c769ca19700b4b53cf29e087ce5174cbc66a608b043eccd2048388b6c5d2cf77d087b3
  languageName: node
  linkType: hard

"methods@npm:~1.1.2":
  version: 1.1.2
  resolution: "methods@npm:1.1.2"
  checksum: 450e4ea0fd4a0f3de8c0593d753c7d6c8f2ee49766f5ef35c68cc2ac41699d5e295b7d6330fc2b7271b8569a07857e3eb0b5df0599a353c5808265b4b5066168
  languageName: node
  linkType: hard

"mime-db@npm:1.52.0":
  version: 1.52.0
  resolution: "mime-db@npm:1.52.0"
  checksum: cfa3f12a40091755ec89f2fb50d361952acf2d9acb72b8cfc5b1c1a8581fa1b906929410db8ab834f9d8dd913fe0083e58900d6b8570803b42cf16499ed57b08
  languageName: node
  linkType: hard

"mime-types@npm:~2.1.24, mime-types@npm:~2.1.34":
  version: 2.1.35
  resolution: "mime-types@npm:2.1.35"
  dependencies:
    mime-db: 1.52.0
  checksum: 1cbad57696e48f729add20e242f03f8b956a42a3e6e2ecd3ff74fe50ad8308d175961f88e117996dd5ec96b2d64ec69646206ddfc3dae02a629b6b2129e5e30c
  languageName: node
  linkType: hard

"mime@npm:1.6.0":
  version: 1.6.0
  resolution: "mime@npm:1.6.0"
  bin:
    mime: cli.js
  checksum: d540c24dd3e3a9e25e813714e55ff2f7841a3a1a47aed9786c508bd0251653d5e9abbfb1163c0c6e1be99f872d7fa1538c068bd6e306e9cb12dd9affa841a61e
  languageName: node
  linkType: hard

"ms@npm:2.0.0":
  version: 2.0.0
  resolution: "ms@npm:2.0.0"
  checksum: 1a230340cc7f322fbe916783d8c8d60455407c6b7fb7f901d6ee34eb272402302c5c7f070a97b8531245cbb4ca6a0a623f6a128d7e5a5440cefa2c669c0b35bb
  languageName: node
  linkType: hard

"ms@npm:2.1.3":
  version: 2.1.3
  resolution: "ms@npm:2.1.3"
  checksum: 6e721e648a544154d5de4c114b32f573d8027ca8ec505cf6c1105e505986d6ac46934a1256735aa0eece8eb2f5b2a1230503b2dddd3b100f9f016fd8a4f15f33
  languageName: node
  linkType: hard

"negotiator@npm:0.6.3":
  version: 0.6.3
  resolution: "negotiator@npm:0.6.3"
  checksum: 5899e1bf5cc2a599b51473af93871b130a7418cc9a32eb0c1d4ab31b14dbd764117183467ba41d5ae8081da6072f496c053a45052107e8e056c26ac2fefd12ed
  languageName: node
  linkType: hard

"object-inspect@npm:^1.13.3":
  version: 1.13.3
  resolution: "object-inspect@npm:1.13.3"
  checksum: ba921b4a4171ca015d02430c22c25735cc35e1c55b4c20bd980a0e9df0a1ef8e6b2c3b141d380db5061f80a902262523836be4f611867043b3c1541328b5c535
  languageName: node
  linkType: hard

"on-finished@npm:2.4.1":
  version: 2.4.1
  resolution: "on-finished@npm:2.4.1"
  dependencies:
    ee-first: 1.1.1
  checksum: ed2f28508d2eda518aa4c814a345f1731a1c91acc05b47c17fe304cc71809c2e0e17cca1f4fd032e5e5b6b207d158d15413179868a1b90deeace8fb236fea3a6
  languageName: node
  linkType: hard

"parseurl@npm:~1.3.3":
  version: 1.3.3
  resolution: "parseurl@npm:1.3.3"
  checksum: 52c9e86cb58e38b28f1a50a6354d16648974ab7a2b91b209f97102840471de8adf524427774af6d5bc482fb7c0a6af6ba08ab37de9a1a7ae389ebe074015914b
  languageName: node
  linkType: hard

"path-to-regexp@npm:0.1.12":
  version: 0.1.12
  resolution: "path-to-regexp@npm:0.1.12"
  checksum: b97b84bc9932837f79a355cbabf8e9f9ebcf6b4016cd02e7f4971209c1f6552a9a5131bd1adde118e0d1435771a29701100ca8ff323ac00a805f474b59fba136
  languageName: node
  linkType: hard

"proxy-addr@npm:~2.0.7":
  version: 2.0.7
  resolution: "proxy-addr@npm:2.0.7"
  dependencies:
    forwarded: 0.2.0
    ipaddr.js: 1.9.1
  checksum: ad78682246dc20ed6ca4080539349828bc2708cf0b69c55d6a3c41532780a8d05f563dcbac6ec4b74dce367421bff6fc4bc6b700b14319ecf57c93bd62727fc6
  languageName: node
  linkType: hard

"qs@npm:6.13.0":
  version: 6.13.0
  resolution: "qs@npm:6.13.0"
  dependencies:
    side-channel: ^1.0.6
  checksum: 0291926619d913c9d6d61f6dd1aca7461f136a19a154a4f51d1c8cb9ab975185091aefd06a2658ba4b64e7ed11b5da395a81ca298a8778b134ae8420e3eb6401
  languageName: node
  linkType: hard

"range-parser@npm:~1.2.1":
  version: 1.2.1
  resolution: "range-parser@npm:1.2.1"
  checksum: 05074f5b23dbdc24acdae9821dd684fbc9c0d770cdaa4469ab529d8e0fc1338aa33561a4c7c14a1f9bdcb3b5e9a3770e5a80318258a72289a7ef05fcda72a707
  languageName: node
  linkType: hard

"raw-body@npm:2.5.2":
  version: 2.5.2
  resolution: "raw-body@npm:2.5.2"
  dependencies:
    bytes: 3.1.2
    http-errors: 2.0.0
    iconv-lite: 0.4.24
    unpipe: 1.0.0
  checksum: d6fe5e5ad11458398a226be09ed68cbdf7a0719c67a9b172dbf595e2515416df55bc5a2e9681a64c304203b5bc1d3766cbc8fe5f89c6499bf12eb9da085dceaf
  languageName: node
  linkType: hard

"safe-buffer@npm:5.2.1":
  version: 5.2.1
  resolution: "safe-buffer@npm:5.2.1"
  checksum: 0bb57f0d8f9d1fa4fe35ad8a2db1f83a027d48f2822d59ede88fd5cd4ddad83c0b497213feb7a70fbf90597a70c5217f735b0eb1850df40ce9b4ae81dd22b3f9
  languageName: node
  linkType: hard

"safer-buffer@npm:>= 2.1.2 < 3":
  version: 2.1.2
  resolution: "safer-buffer@npm:2.1.2"
  checksum: 549ba83f5b314b59898efe3422120ce1ca7987a6eae5925a5fa5db930dc414d4a9dde0a5594f89638cd6ea60b6840ea961872908933ac2428d1726489db46fa5
  languageName: node
  linkType: hard

"send@npm:0.19.0":
  version: 0.19.0
  resolution: "send@npm:0.19.0"
  dependencies:
    debug: 2.6.9
    depd: 2.0.0
    destroy: 1.2.0
    encodeurl: ~1.0.2
    escape-html: ~1.0.3
    etag: ~1.8.1
    fresh: 0.5.2
    http-errors: 2.0.0
    mime: 1.6.0
    ms: 2.1.3
    on-finished: 2.4.1
    range-parser: ~1.2.1
    statuses: 2.0.1
  checksum: 01adf870a96633b1b81283a94e42e79f0bba340f1bae25fd42c3b521420c3ef62531f85d15d852f69503fe7648fb76ddc717fe70d7658782df3819a954256b32
  languageName: node
  linkType: hard

"serve-static@npm:1.16.2":
  version: 1.16.2
  resolution: "serve-static@npm:1.16.2"
  dependencies:
    encodeurl: ~2.0.0
    escape-html: ~1.0.3
    parseurl: ~1.3.3
    send: 0.19.0
  checksum: dca6f35731ce0384702996bd96e4fdcc2acb405962a1241f2f5ba90624ced96bbe3fc4e8e5a8ad7960a3b34becc985ed1a363deb56684dcc99de23c3d3e10282
  languageName: node
  linkType: hard

"setprototypeof@npm:1.2.0":
  version: 1.2.0
  resolution: "setprototypeof@npm:1.2.0"
  checksum: 72691439857719aa33ec11ebc97960347f0f96e75c2fe65d0f2ca5c9c44fb1aa026e2ae528959624ed3ae3820fe06bfb1aded306402c5c941afd3dfdf47f79d0
  languageName: node
  linkType: hard

"side-channel-list@npm:^1.0.0":
  version: 1.0.0
  resolution: "side-channel-list@npm:1.0.0"
  dependencies:
    es-errors: ^1.3.0
    object-inspect: ^1.13.3
  checksum: ad7a147db672b29252266383e99558a69b81397cf87221c8f2b8d1cf3468034099ea16e0c8d34e833d45d07f46d02072b933b6ce90526379958db9e9e55064d0
  languageName: node
  linkType: hard

"side-channel-map@npm:^1.0.1":
  version: 1.0.1
  resolution: "side-channel-map@npm:1.0.1"
  dependencies:
    call-bound: ^1.0.2
    es-errors: ^1.3.0
    get-intrinsic: ^1.2.5
    object-inspect: ^1.13.3
  checksum: cd9395ae046bcad276d46fd1efc358da0532a654e54d4541d2f81aec777cedb46f34b49024f17ead9def0a537df6326f1201b3609517c0cbcfe009922ad19ec7
  languageName: node
  linkType: hard

"side-channel-weakmap@https://github.com/ljharb/side-channel-weakmap/archive/refs/tags/v1.0.1.tar.gz":
  version: 1.0.1
  resolution: "side-channel-weakmap@https://github.com/ljharb/side-channel-weakmap/archive/refs/tags/v1.0.1.tar.gz"
  dependencies:
    call-bound: ^1.0.2
    es-errors: ^1.3.0
    get-intrinsic: ^1.2.5
    object-inspect: ^1.13.3
    side-channel-map: ^1.0.1
  checksum: 343c2b093c0c81a8f929a19b109f79e54a6bb878458d2d5b04978cca11f110c9402a65aae9b3804f21b7c00ecd98e6a1503d77a92eec7f79dd48ecf0116e8027
  languageName: node
  linkType: hard

"side-channel@npm:^1.0.6":
  version: 1.1.0
  resolution: "side-channel@npm:1.1.0"
  dependencies:
    es-errors: ^1.3.0
    object-inspect: ^1.13.3
    side-channel-list: ^1.0.0
    side-channel-map: ^1.0.1
    side-channel-weakmap: ^1.0.2
  checksum: bbf3357496d40977783dd110907acbac1e251e4536ef1ef0276e06a5eda5dde8ae52b7d6cfc6b5d522ad918719accae96402d2eb9811c1843d01bdc858aefa14
  languageName: node
  linkType: hard

"statuses@npm:2.0.1":
  version: 2.0.1
  resolution: "statuses@npm:2.0.1"
  checksum: d0d3024dd1bba02dd3cb837e4f529e2e44f9300e54ca29258e048ded4dd1fdcb85a32060870dd7abb32b6df7f5991b6ea1c051aa5c6ffda6077cac9d68226b23
  languageName: node
  linkType: hard

"toidentifier@npm:1.0.1":
  version: 1.0.1
  resolution: "toidentifier@npm:1.0.1"
  checksum: 2b5c573af97e7c12f91aeade737a40a539da3c123f43099bbddcd40c3365941b9877b482b994a89a3173c4e3f4f70fea887ae44242ade009efb4841f1dad9822
  languageName: node
  linkType: hard

"type-is@npm:~1.6.18":
  version: 1.6.18
  resolution: "type-is@npm:1.6.18"
  dependencies:
    media-typer: 0.3.0
    mime-types: ~2.1.24
  checksum: 20a3514f1d835c979237995129d1f8c564325301e3a8f1c732bcbe1d7fa0ca1f65994e41a79e9030d79f31e5459bb9be5c377848fcb477cb3049a661b3713d74
  languageName: node
  linkType: hard

"unpipe@npm:1.0.0, unpipe@npm:~1.0.0":
  version: 1.0.0
  resolution: "unpipe@npm:1.0.0"
  checksum: ba244e8bf640475b2143af95be5d71353cd4d238d63abf5dfe700c67841f066eb0819fc60dee7f2348ef647a5644a06ba024b9a0ab6d399fc07a05eb72a30ac7
  languageName: node
  linkType: hard

"utils-merge@npm:1.0.1":
  version: 1.0.1
  resolution: "utils-merge@npm:1.0.1"
  checksum: a457956ebc09efbda05da8bf213ab89140bb9dffa3c42b3315dd8fc3c45d67a1b802741f58b7bba4872113201fc275fc86470289d8bd32b74297b5e5b5980705
  languageName: node
  linkType: hard

"vary@npm:~1.1.2":
  version: 1.1.2
  resolution: "vary@npm:1.1.2"
  checksum: 591f059f727ac1ba0d97cb7767f8583a03fcbb07db7be2b7dce838ede520ec0e958a41cb19077054769077fdc49a9b9a2dc391c83426bfee89c054b8cc7404bf
  languageName: node
  linkType: hard
