# This file is generated by running "yarn install" inside your project.
# Manual changes might be lost - proceed with caution!

__metadata:
  version: 8
  cacheKey: 10c0

"@bufbuild/protobuf@npm:~1.0":
  version: 1.0.0
  resolution: "@bufbuild/protobuf@npm:1.0.0"
  checksum: 10c0/50fecb1ed14bbac3a67c243202e23c1015216bad0d5fd4c5b0600b9ae7a7a7be5d4f18a55664136292fb407ea0950b9242fdf1e104f521206e5459efe7af1fca
  languageName: node
  linkType: hard

"@bufbuild/protobuf@npm:~1.9":
  version: 1.9.0
  resolution: "@bufbuild/protobuf@npm:1.9.0"
  checksum: 10c0/45b0b6789819defcfaf2f7c3a431310f47e246bad23fdb0d184b015c7c1a047d787232cc349d52c204d8757c274b1148e278e01f82288e19f574b0996c5ef0f1
  languageName: node
  linkType: hard

"@bufbuild/protoc-gen-es@npm:^1.8":
  version: 1.10.1
  resolution: "@bufbuild/protoc-gen-es@npm:1.10.1"
  dependencies:
    "@bufbuild/protobuf": "npm:^1.10.1"
    "@bufbuild/protoplugin": "npm:1.10.1"
  peerDependencies:
    "@bufbuild/protobuf": 1.10.1
  peerDependenciesMeta:
    "@bufbuild/protobuf":
      optional: true
  bin:
    protoc-gen-es: bin/protoc-gen-es
  checksum: 10c0/aa06192c9cc85ea8abe7397da31b35fb057c2e6646374d18f91b8be27ce802647e221bfbd49d6a404e0a918dfad11a8654952fc4eab3115e7fb56788912a7c4c
  languageName: node
  linkType: hard

"@bufbuild/protoplugin@npm:nop@1.0.0":
  version: 1.0.0
  resolution: "nop@npm:1.0.0"
  checksum: 10c0/0f38ae1fde64383ac767a36a2e7ddd526dd1474153a76b42be1ffb5ff158cbaf861a89dcdb6d7b2ea84a0560895893105a85a7e776f00e7d31cf81729438db45
  languageName: node
  linkType: hard

"@chastelock/testcase@workspace:.":
  version: 0.0.0-use.local
  resolution: "@chastelock/testcase@workspace:."
  dependencies:
    "@bufbuild/protobuf": "npm:~1.0"
    "@bufbuild/protoc-gen-es": "npm:^1.8"
  languageName: unknown
  linkType: soft
