# This file is generated by running "yarn install" inside your project.
# Manual changes might be lost - proceed with caution!

__metadata:
  version: 8
  cacheKey: 10

"@a/empty@https://s.lnl.gay/YMSRcUPRNMxx.tgz":
  version: 0.0.1
  resolution: "@a/empty@https://s.lnl.gay/YMSRcUPRNMxx.tgz"
  checksum: 10/ef282c0e37d7b0dc8eaed3c14b90bebee000426453dd3f5fb9134170bba5dc50c461c818c33c6eaceb2a3e4f5cc7f442dba7a0f9464d6d3a8fcb2554d4479bca
  languageName: node
  linkType: hard

"@chastelock/testcase@workspace:.":
  version: 0.0.0-use.local
  resolution: "@chastelock/testcase@workspace:."
  dependencies:
    "@a/empty": "https://s.lnl.gay/YMSRcUPRNMxx.tgz"
  languageName: unknown
  linkType: soft
