# This file is generated by running "yarn install" inside your project.
# Manual changes might be lost - proceed with caution!

__metadata:
  version: 4
  cacheKey: 7

"@chastelock/balls@workspace:balls":
  version: 0.0.0-use.local
  resolution: "@chastelock/balls@workspace:balls"
  dependencies:
    ligma-api: ^1.0.0
  languageName: unknown
  linkType: soft

"ligma-api@^1.0.0, ligma-api@workspace:ligma-api":
  version: 0.0.0-use.local
  resolution: "ligma-api@workspace:ligma-api"
  dependencies:
    long: ^5.0.0
  languageName: unknown
  linkType: soft

"long@npm:^5.0.0":
  version: 5.2.3
  resolution: "long@npm:5.2.3"
  checksum: e6927d355a2ada93fc342325981676604452195dedc8c40178976cef2384db6b035f5b4911348cecd709af842027449505c09959b8ad94357bb1f065cfceb068
  languageName: node
  linkType: hard

"root-workspace-0b6124@workspace:.":
  version: 0.0.0-use.local
  resolution: "root-workspace-0b6124@workspace:."
  languageName: unknown
  linkType: soft
