# This file is generated by running "yarn install" inside your project.
# Manual changes might be lost - proceed with caution!

__metadata:
  version: 6
  cacheKey: 8

"@chastelock/balls@workspace:pkgs/balls":
  version: 0.0.0-use.local
  resolution: "@chastelock/balls@workspace:pkgs/balls"
  dependencies:
    ligma-api: ^1.0.0
  languageName: unknown
  linkType: soft

"ligma-api@^1.0.0, ligma-api@workspace:pkgs/ligma-api":
  version: 0.0.0-use.local
  resolution: "ligma-api@workspace:pkgs/ligma-api"
  dependencies:
    long: ^5.0.0
  languageName: unknown
  linkType: soft

"long@npm:^5.0.0":
  version: 5.3.2
  resolution: "long@npm:5.3.2"
  checksum: be215816b563f4ca27ad3677678b53415bc489f9e3466414e54d2d85f5f8e86768547fa58493bacfb363ffc57a664debc83403ccc2178aef0c40aca28bad47c9
  languageName: node
  linkType: hard

"root-workspace-0b6124@workspace:.":
  version: 0.0.0-use.local
  resolution: "root-workspace-0b6124@workspace:."
  languageName: unknown
  linkType: soft
