{
  "lockfileVersion": 1,
  "workspaces": {
    "": {
      "name": "@chastelock/testcase",
      "dependencies": {
        "pakig": "npm:nop@^1.0.0",
      },
    },
  },
  "packages": {
    "pakig": ["nop@1.0.0", "", {}, "sha512-XdkOuXGx0DTwlqb0DWTcDqelgU/F3YyZ+PTRaecpDVpkYskcnh3OeUYKfvjcRQ2D1diTIGxi/a3eHVjW5yPupQ=="],
  }
}
