# This file is generated by running "yarn install" inside your project.
# Manual changes might be lost - proceed with caution!

__metadata:
  version: 6
  cacheKey: 8

"@chastelock/testcase@workspace:.":
  version: 0.0.0-use.local
  resolution: "@chastelock/testcase@workspace:."
  dependencies:
    is-even: ^1.0.0
  languageName: unknown
  linkType: soft

"is-even@npm:^1.0.0":
  version: 1.0.0
  resolution: "is-even@npm:1.0.0"
  dependencies:
    is-odd: ^0.1.2
  checksum: 0267545d7cb6724aee249e88942cf22f6263aa006cd9bf83c2ddbb2a1d47280e8c4d72b2d50e38bd3575df717c993904b44153cc1772a55dabca250ca40cc4f7
  languageName: node
  linkType: hard

"is-odd@npm:nop@^1.0.0":
  version: 1.0.0
  resolution: "nop@npm:1.0.0"
  checksum: de845ee0da1f82caffc19936953bc69946ca2ed808e8fb36aa009b2328eda94fc9c6cc5447158b7505224683c10925946d817b4ec27be0befde17fe7a1b2a244
  languageName: node
  linkType: hard
