lockfileVersion: '9.0'

settings:
  autoInstallPeers: true
  excludeLinksFromLockfile: false

importers:

  .:
    dependencies:
      is-even:
        specifier: 1.0.0
        version: 1.0.0
    devDependencies:
      minimatch:
        specifier: https://github.com/isaacs/minimatch.git#v10.0.1
        version: https://codeload.github.com/isaacs/minimatch/tar.gz/bb026771e9d8e9c14e89b7dbcda2cadf17c2361c

packages:

  balanced-match@1.0.2:
    resolution: {integrity: sha512-3oSeUO0TMV67hN1AmbXsK4yaqU7tjiHlbxRDZOpH0KW9+CeX4bRAaX0Anxt0tx2MrpRpWwQaPwIlISEJhYU5Pw==}

  brace-expansion@2.0.1:
    resolution: {integrity: sha512-XnAIvQ8eM+kC6aULx6wuQiwVsnzsi9d3WxzV3FpWTGA19F621kwdbsAcFKXgKUHZWsy+mY6iL1sHTxWEFCytDA==}

  is-buffer@1.1.6:
    resolution: {integrity: sha512-NcdALwpXkTm5Zvvbk7owOUSvVvBKDgKP5/ewfXEznmQFfs4ZRmanOeKBTjRVjka3QFoN6XJ+9F3USqfHqTaU5w==}

  is-even@1.0.0:
    resolution: {integrity: sha512-LEhnkAdJqic4Dbqn58A0y52IXoHWlsueqQkKfMfdEnIYG8A1sm/GHidKkS6yvXlMoRrkM34csHnXQtOqcb+Jzg==}
    engines: {node: '>=0.10.0'}

  is-number@3.0.0:
    resolution: {integrity: sha512-4cboCqIpliH+mAvFNegjZQ4kgKc3ZUhQVr3HvWbSh5q3WH2v82ct+T2Y1hdU5Gdtorx/cLifQjqCbL7bpznLTg==}
    engines: {node: '>=0.10.0'}

  is-odd@0.1.2:
    resolution: {integrity: sha512-Ri7C2K7o5IrUU9UEI8losXJCCD/UtsaIrkR5sxIcFg4xQ9cRJXlWA5DQvTE0yDc0krvSNLsRGXN11UPS6KyfBw==}
    engines: {node: '>=0.10.0'}

  kind-of@3.2.2:
    resolution: {integrity: sha512-NOW9QQXMoZGg/oqnVNoNTTIFEIid1627WCffUBJEdMxYApq7mNE7CpzucIPc+ZQg25Phej7IJSmX3hO+oblOtQ==}
    engines: {node: '>=0.10.0'}

  minimatch@https://codeload.github.com/isaacs/minimatch/tar.gz/bb026771e9d8e9c14e89b7dbcda2cadf17c2361c:
    resolution: {tarball: https://codeload.github.com/isaacs/minimatch/tar.gz/bb026771e9d8e9c14e89b7dbcda2cadf17c2361c}
    version: 10.0.1
    engines: {node: 20 || >=22}

snapshots:

  balanced-match@1.0.2: {}

  brace-expansion@2.0.1:
    dependencies:
      balanced-match: 1.0.2

  is-buffer@1.1.6: {}

  is-even@1.0.0:
    dependencies:
      is-odd: 0.1.2

  is-number@3.0.0:
    dependencies:
      kind-of: 3.2.2

  is-odd@0.1.2:
    dependencies:
      is-number: 3.0.0

  kind-of@3.2.2:
    dependencies:
      is-buffer: 1.1.6

  minimatch@https://codeload.github.com/isaacs/minimatch/tar.gz/bb026771e9d8e9c14e89b7dbcda2cadf17c2361c:
    dependencies:
      brace-expansion: 2.0.1
