# THIS IS AN AUTOGENERATED FILE. DO NOT EDIT THIS FILE DIRECTLY.
# yarn lockfile v1


"@a/empty@0.0.1":
  version "0.0.1"
  resolved "https://codeberg.org/api/packages/libselfisekai/npm/%40a%2Fempty/-/0.0.1/empty-0.0.1.tgz#2d477ad5e6d7d2b6df570d3e8bd053005362380a"
  integrity sha512-aacD9f3ERwGJhmIj98j2b93bIFY6T2BfXm4fqiM9DBdnXsj5z1bA0yamfRCDfwYIBO9rezWDlWfulp8FButk6Q==
