{
  "name": "@chastelock/test__v3_git_ssh",
  "version": "0.0.0",
  "lockfileVersion": 3,
  "requires": true,
  "packages": {
    "": {
      "name": "@chastelock/test__v3_git_ssh",
      "version": "0.0.0",
      "dependencies": {
        "node-semver": "git@github.com:npm/node-semver.git#semver:^7.5.0"
      }
    },
    "node_modules/node-semver": {
      "name": "semver",
      "version": "7.6.3",
      "resolved": "git+ssh://git@github.com/npm/node-semver.git#0a12d6c7debb1dc82d8645c770e77c47bac5e1ea",
      "license": "ISC",
      "bin": {
        "semver": "bin/semver.js"
      },
      "engines": {
        "node": ">=10"
      }
    }
  }
}
