# THIS IS AN AUTOGENERATED FILE. DO NOT EDIT THIS FILE DIRECTLY.
# yarn lockfile v1
# bun ./bun.lockb --hash: 4230B0F05071D8A7-b8caf130be93a976-FBB87CE87D46578D-94ce4110b88fd677


"@chastelock/balls@balls":
  version "workspace:balls"
  resolved "workspace:balls"
  dependencies:
    ligma-api "^1.0.0"

ligma-api@^1.0.0, "ligma-api@ligma-api":
  version "workspace:ligma-api"
  resolved "workspace:ligma-api"
  dependencies:
    long "^5.0.0"

long@^5.0.0:
  version "5.2.4"
  resolved "https://registry.npmjs.org/long/-/long-5.2.4.tgz"
  integrity sha512-qtzLbJE8hq7VabR3mISmVGtoXP8KGc2Z/AT8OuqlYD7JTR3oqrgwdjnk07wpj1twXxYmgDXgoKVWUG/fReSzHg==
