{
    "name": "@chastelock/testcase",
    "lockfileVersion": 3,
    "requires": true,
    "packages": {
        "": {
            "name": "@chastelock/testcase",
            "dependencies": {
                "@chastelock/recursion-a": "^0.1.0"
            }
        },
        "node_modules/@chastelock/recursion-a": {
            "version": "0.1.0",
            "resolved": "https://registry.npmjs.org/@chastelock/recursion-a/-/recursion-a-0.1.0.tgz",
            "integrity": "sha512-mCv/F9+1t8ZsglREQBPqeWnwtC1355o6j4wfIEuOHuWkLLNptZDsihp6scNY38xBN1LR8P/gZiWpiOifxDXeKw==",
            "dependencies": {
                "@chastelock/recursion-b": "^0.1.0"
            }
        },
        "node_modules/@chastelock/recursion-b": {
            "version": "0.1.0",
            "resolved": "https://registry.npmjs.org/@chastelock/recursion-b/-/recursion-b-0.1.0.tgz",
            "integrity": "sha512-juafxhBPP8a5IV7tSjkK7ekQy53QhIBrNDtm6I8Ssym5HYbOHnnGoqyWOcM1EMW1339trBeUnEMB//BZIiMc6w==",
            "dependencies": {
                "@chastelock/recursion-a": "^0.1.0"
            }
        }
    }
}
