# This file is generated by running "yarn install" inside your project.
# Manual changes might be lost - proceed with caution!

__metadata:
  version: 6
  cacheKey: 8

"@chastelock/testcase@workspace:.":
  version: 0.0.0-use.local
  resolution: "@chastelock/testcase@workspace:."
  dependencies:
    minimatch: "isaacs/minimatch#v10.0.1"
    node-semver: "github:npm/node-semver#semver:^7.6.0"
  languageName: unknown
  linkType: soft

"balanced-match@npm:^1.0.0":
  version: 1.0.2
  resolution: "balanced-match@npm:1.0.2"
  checksum: 9706c088a283058a8a99e0bf91b0a2f75497f185980d9ffa8b304de1d9e58ebda7c72c07ebf01dadedaac5b2907b2c6f566f660d62bd336c3468e960403b9d65
  languageName: node
  linkType: hard

"brace-expansion@npm:^2.0.1":
  version: 2.0.1
  resolution: "brace-expansion@npm:2.0.1"
  dependencies:
    balanced-match: ^1.0.0
  checksum: a61e7cd2e8a8505e9f0036b3b6108ba5e926b4b55089eeb5550cd04a471fe216c96d4fe7e4c7f995c728c554ae20ddfc4244cad10aef255e72b62930afd233d1
  languageName: node
  linkType: hard

"minimatch@isaacs/minimatch#v10.0.1":
  version: 10.0.1
  resolution: "minimatch@https://github.com/isaacs/minimatch.git#commit=0569cd3373408f9d701d3aab187b3f43a24a0db7"
  dependencies:
    brace-expansion: ^2.0.1
  checksum: f5b63c2f30606091a057c5f679b067f84a2cd0ffbd2dbc9143bda850afd353c7be81949ff11ae0c86988f07390eeca64efd7143ee05a0dab37f6c6b38a2ebb6c
  languageName: node
  linkType: hard

"node-semver@github:npm/node-semver#semver:^7.6.0":
  version: 7.6.3
  resolution: "node-semver@https://github.com/npm/node-semver.git#commit=0a12d6c7debb1dc82d8645c770e77c47bac5e1ea"
  bin:
    semver: bin/semver.js
  checksum: 4b2a2cdf3a5233b7f8829d1a080dc3a33928d91b2cd492e409830bc782a70d2342458f86436780f8c0a43ca6bf81b4b934fd7fcad411a09e70460c0e01c74e58
  languageName: node
  linkType: hard
