# THIS IS AN AUTOGENERATED FILE. DO NOT EDIT THIS FILE DIRECTLY.
# yarn lockfile v1
# bun ./bun.lockb --hash: D3D7BF68E8DE5A29-7aedefd9f36ab128-12466B55D987DA96-ca1dada79b2cb0f7


"@a/empty@https://codeberg.org/libselfisekai/-/packages/npm/@a%2Fempty/0.0.1/files/1152452":
  version "https://codeberg.org/libselfisekai/-/packages/npm/@a%2Fempty/0.0.1/files/1152452"
  resolved "https://codeberg.org/libselfisekai/-/packages/npm/@a%2Fempty/0.0.1/files/1152452"
