# This file is generated by running "yarn install" inside your project.
# Manual changes might be lost - proceed with caution!

__metadata:
  version: 4
  cacheKey: 7

"@chastelock/testcase@workspace:.":
  version: 0.0.0-use.local
  resolution: "@chastelock/testcase@workspace:."
  dependencies:
    "@sveltejs/acorn-typescript": ^1
    acorn-globals: ~6.0
  languageName: unknown
  linkType: soft

"@sveltejs/acorn-typescript@npm:^1":
  version: 1.0.8
  resolution: "@sveltejs/acorn-typescript@npm:1.0.8"
  peerDependencies:
    acorn: ^8.9.0
  checksum: cbf1d86570557d3956adbbf5a13b400864a4b9695bb13d4b9a15590f77ad45373b89e437f12b7971bb899750f15b3592f7e9f059491ac294b0fe9deddfdcf365
  languageName: node
  linkType: hard

"acorn-globals@npm:~6.0":
  version: 6.0.0
  resolution: "acorn-globals@npm:6.0.0"
  dependencies:
    acorn: ^7.1.1
    acorn-walk: ^7.1.1
  checksum: 078ed9bc354e95a30893efd260e2dc566dfc34d8e1d24a54b9ad59984bea53ff93cb1986a85b2b5e2b8e573cb00d34ad8767371b852941a1947f81c37c1be759
  languageName: node
  linkType: hard

"acorn-walk@npm:^7.1.1":
  version: 7.2.0
  resolution: "acorn-walk@npm:7.2.0"
  checksum: 7b52d5d6397f2d395ca878bdb0f56e583e69bc875521876d05fe2b6e293c21aca918b288c01bd18ac99b46b55a0f00a8d0e30fbdfb53c8e36e78ad1a65f73a4a
  languageName: node
  linkType: hard

"acorn@npm:^7.1.1":
  version: 7.4.1
  resolution: "acorn@npm:7.4.1"
  bin:
    acorn: bin/acorn
  checksum: 2bde98c28c1be9a08e41e581179b776b43396c9486ce52b2b9848d73c53df38c516b7edba4bacdc84cabc9d7a3299f3b46ef240ae261c38dbf8ddd89f635bd32
  languageName: node
  linkType: hard
