{
    "name": "@chastelock/testcase",
    "version": "0.0.1",
    "lockfileVersion": 3,
    "requires": true,
    "packages": {
        "": {
            "name": "@chastelock/testcase",
            "version": "0.0.1",
            "dependencies": {
                "@a/empty": "https://codeberg.org/libselfisekai/-/packages/npm/@a%2Fempty/0.0.1/files/1152452"
            }
        },
        "node_modules/@a/empty": {
            "version": "0.0.1",
            "resolved": "https://codeberg.org/libselfisekai/-/packages/npm/@a%2Fempty/0.0.1/files/1152452",
            "integrity": "sha512-aacD9f3ERwGJhmIj98j2b93bIFY6T2BfXm4fqiM9DBdnXsj5z1bA0yamfRCDfwYIBO9rezWDlWfulp8FButk6Q=="
        }
    }
}
