# This file is generated by running "yarn install" inside your project.
# Manual changes might be lost - proceed with caution!

__metadata:
  version: 8
  cacheKey: 10c0

"@chastelock/testcase@workspace:.":
  version: 0.0.0-use.local
  resolution: "@chastelock/testcase@workspace:."
  dependencies:
    nop: "npm:latest"
  languageName: unknown
  linkType: soft

"nop@npm:latest":
  version: 1.0.0
  resolution: "nop@npm:1.0.0"
  checksum: 10c0/0f38ae1fde64383ac767a36a2e7ddd526dd1474153a76b42be1ffb5ff158cbaf861a89dcdb6d7b2ea84a0560895893105a85a7e776f00e7d31cf81729438db45
  languageName: node
  linkType: hard
