# This file is generated by running "yarn install" inside your project.
# Manual changes might be lost - proceed with caution!

__metadata:
  version: 4
  cacheKey: 7

"@a/empty@https://s.lnl.gay/YMSRcUPRNMxx.tgz":
  version: 0.0.1
  resolution: "@a/empty@https://s.lnl.gay/YMSRcUPRNMxx.tgz"
  checksum: 06c82217d45721fa4a4217f23d873b95fb4ac4130e96ececeb06a48efadc0d197f26df7f3ad80b8ed04e1ea219e689df897e9c75d3c41bf4de1a2973ded0cb48
  languageName: node
  linkType: hard

"@chastelock/testcase@workspace:.":
  version: 0.0.0-use.local
  resolution: "@chastelock/testcase@workspace:."
  dependencies:
    "@a/empty": "https://s.lnl.gay/YMSRcUPRNMxx.tgz"
  languageName: unknown
  linkType: soft
