lockfileVersion: '9.0'

settings:
  autoInstallPeers: true
  excludeLinksFromLockfile: false

patchedDependencies:
  '@chastelock/recursion-b':
    hash: 869de6303e352fab5d88cc42cca000970874f1c6c943fbd7931bc2b317f5051a
    path: patches/@chastelock__recursion-b.patch

importers:

  .:
    dependencies:
      '@chastelock/recursion-a':
        specifier: ^0.1.0
        version: 0.1.0

packages:

  '@chastelock/recursion-a@0.1.0':
    resolution: {integrity: sha512-mCv/F9+1t8ZsglREQBPqeWnwtC1355o6j4wfIEuOHuWkLLNptZDsihp6scNY38xBN1LR8P/gZiWpiOifxDXeKw==}

  '@chastelock/recursion-b@0.1.0':
    resolution: {integrity: sha512-juafxhBPP8a5IV7tSjkK7ekQy53QhIBrNDtm6I8Ssym5HYbOHnnGoqyWOcM1EMW1339trBeUnEMB//BZIiMc6w==}

snapshots:

  '@chastelock/recursion-a@0.1.0':
    dependencies:
      '@chastelock/recursion-b': 0.1.0(patch_hash=869de6303e352fab5d88cc42cca000970874f1c6c943fbd7931bc2b317f5051a)

  '@chastelock/recursion-b@0.1.0(patch_hash=869de6303e352fab5d88cc42cca000970874f1c6c943fbd7931bc2b317f5051a)':
    dependencies:
      '@chastelock/recursion-a': 0.1.0
