# This file is generated by running "yarn install" inside your project.
# Manual changes might be lost - proceed with caution!

__metadata:
  version: 10
  cacheKey: 10

"@a/verboden(name~'!*)@npm:1.0.0":
  version: 1.0.0
  resolution: "@a/verboden(name~'!*)@npm:1.0.0"
  checksum: 10/510b4a3a8c3c179622706fdaa3956a8cb7e4938133582e8a792fda8e24f0fc3816646cbb606519ff184208d5b256cd0fb222e9aabfd9c439f7c531b8579c8cb6
  languageName: node
  linkType: hard

"verboden(root)(name~'!*)@workspace:.":
  version: 0.0.0-use.local
  resolution: "verboden(root)(name~'!*)@workspace:."
  dependencies:
    "@a/verboden(name~'!*)": "npm:1.0.0"
  languageName: unknown
  linkType: soft
