# This file is generated by running "yarn install" inside your project.
# Manual changes might be lost - proceed with caution!

__metadata:
  version: 4
  cacheKey: 7

"@chastelock/test__git_ssh@workspace:.":
  version: 0.0.0-use.local
  resolution: "@chastelock/test__git_ssh@workspace:."
  dependencies:
    node-semver: "ssh://git@github.com/npm/node-semver.git#semver:^7.5.0"
  languageName: unknown
  linkType: soft

"node-semver@ssh://git@github.com/npm/node-semver.git#semver:^7.5.0":
  version: 7.6.3
  resolution: "node-semver@ssh://git@github.com/npm/node-semver.git#commit=0a12d6c7debb1dc82d8645c770e77c47bac5e1ea"
  bin:
    semver: bin/semver.js
  checksum: afde069ec89a5774eace57459178947f88882f6a18db5867b9b0adc5c0f65cf650d4c1f609fa583c5f1b0eda72f3ff24a3100e40179cdc36c1aaa976d6e0a9dc
  languageName: node
  linkType: hard
