# This file is generated by running "yarn install" inside your project.
# Manual changes might be lost - proceed with caution!

__metadata:
  version: 6
  cacheKey: 8

"@chastelock/testcase@workspace:.":
  version: 0.0.0-use.local
  resolution: "@chastelock/testcase@workspace:."
  dependencies:
    nop: latest
  languageName: unknown
  linkType: soft

"nop@npm:latest":
  version: 1.0.0
  resolution: "nop@npm:1.0.0"
  checksum: de845ee0da1f82caffc19936953bc69946ca2ed808e8fb36aa009b2328eda94fc9c6cc5447158b7505224683c10925946d817b4ec27be0befde17fe7a1b2a244
  languageName: node
  linkType: hard
