# THIS IS AN AUTOGENERATED FILE. DO NOT EDIT THIS FILE DIRECTLY.
# yarn lockfile v1
# bun ./bun.lockb --hash: 0000000000000000-0000000000000000-0000000000000000-0000000000000000


lru-cache@^6.0.0:
  version "6.0.0"
  resolved "https://registry.npmjs.org/lru-cache/-/lru-cache-6.0.0.tgz"
  integrity sha512-Jo6dJ04CmSjuznwJSS3pUeWmd/H0ffTlkXXgwZi+eq1UCmqQwCh+eLsYOYCwY991i2Fah4h1BEMCx4qThGbsiA==
  dependencies:
    yallist "^4.0.0"

"semver@ssh://git@github.com/npm/node-semver.git#v7.5.0":
  version "git+ssh://git@github.com/npm/node-semver.git#5b02ad7163a3ddcbcadf499e4f6195d6f2226dce"
  resolved "git+ssh://git@github.com/npm/node-semver.git#5b02ad7163a3ddcbcadf499e4f6195d6f2226dce"
  dependencies:
    lru-cache "^6.0.0"

yallist@^4.0.0:
  version "4.0.0"
  resolved "https://registry.npmjs.org/yallist/-/yallist-4.0.0.tgz"
  integrity sha512-3wdGidZyq5PB084XLES5TpOSRA3wjXAlIWMhum2kRcv/41Sn2emQ0dycQW4uZXLejwKvg6EsvbdlVL+FYEct7A==
