# This file is generated by running "yarn install" inside your project.
# Manual changes might be lost - proceed with caution!

__metadata:
  version: 6
  cacheKey: 8

"@a/verboden(name~'!*)@npm:1.0.0":
  version: 1.0.0
  resolution: "@a/verboden(name~'!*)@npm:1.0.0::__archiveUrl=https%3A%2F%2Fs.lnl.gay%2F%40a%2Fverboden(name~'!*)%2F-%2Fverboden(name~'!*)-1.0.0.tgz"
  checksum: 8dad4216e98b2b0015b90bb613dd8e11da0cd8552ab0b2f8f25bc4286126b01fe21612865fe77edbffc6eca71d02e964104b2d35edfab698a87fac3a439c307f
  languageName: node
  linkType: hard

"verboden(root)(name~'!*)@workspace:.":
  version: 0.0.0-use.local
  resolution: "verboden(root)(name~'!*)@workspace:."
  dependencies:
    "@a/verboden(name~'!*)": 1.0.0
  languageName: unknown
  linkType: soft
