# This file is generated by running "yarn install" inside your project.
# Manual changes might be lost - proceed with caution!

__metadata:
  version: 6
  cacheKey: 8

"@chastelock/testcase@workspace:.":
  version: 0.0.0-use.local
  resolution: "@chastelock/testcase@workspace:."
  dependencies:
    "@sveltejs/acorn-typescript": ^1
    acorn-globals: 6.0.0
    espree: ^11.1.0
  languageName: unknown
  linkType: soft

"@sveltejs/acorn-typescript@npm:^1":
  version: 1.0.8
  resolution: "@sveltejs/acorn-typescript@npm:1.0.8"
  peerDependencies:
    acorn: ^8.9.0
  checksum: 352904be88abdad23aa21cee6cc09f50aecf135a0bcd51e0a09e2b4e774fd6a6444acaf326d33a108d6e8454ec8e76e1a02412011a2375c17253fecb06334c0a
  languageName: node
  linkType: hard

"acorn-globals@npm:6.0.0":
  version: 6.0.0
  resolution: "acorn-globals@npm:6.0.0"
  dependencies:
    acorn: ^7.1.1
    acorn-walk: ^7.1.1
  checksum: 72d95e5b5e585f9acd019b993ab8bbba68bb3cbc9d9b5c1ebb3c2f1fe5981f11deababfb4949f48e6262f9c57878837f5958c0cca396f81023814680ca878042
  languageName: node
  linkType: hard

"acorn-jsx@npm:^5.3.2":
  version: 5.3.2
  resolution: "acorn-jsx@npm:5.3.2"
  peerDependencies:
    acorn: ^6.0.0 || ^7.0.0 || ^8.0.0
  checksum: c3d3b2a89c9a056b205b69530a37b972b404ee46ec8e5b341666f9513d3163e2a4f214a71f4dfc7370f5a9c07472d2fd1c11c91c3f03d093e37637d95da98950
  languageName: node
  linkType: hard

"acorn-walk@npm:^7.1.1":
  version: 7.2.0
  resolution: "acorn-walk@npm:7.2.0"
  checksum: 9252158a79b9d92f1bc0dd6acc0fcfb87a67339e84bcc301bb33d6078936d27e35d606b4d35626d2962cd43c256d6f27717e70cbe15c04fff999ab0b2260b21f
  languageName: node
  linkType: hard

"acorn@npm:^7.1.1":
  version: 7.4.1
  resolution: "acorn@npm:7.4.1"
  bin:
    acorn: bin/acorn
  checksum: 1860f23c2107c910c6177b7b7be71be350db9e1080d814493fae143ae37605189504152d1ba8743ba3178d0b37269ce1ffc42b101547fdc1827078f82671e407
  languageName: node
  linkType: hard

"acorn@npm:^8.15.0":
  version: 8.15.0
  resolution: "acorn@npm:8.15.0"
  bin:
    acorn: bin/acorn
  checksum: 309c6b49aedf1a2e34aaf266de06de04aab6eb097c02375c66fdeb0f64556a6a823540409914fb364d9a11bc30d79d485a2eba29af47992d3490e9886c4391c3
  languageName: node
  linkType: hard

"eslint-visitor-keys@npm:^5.0.0":
  version: 5.0.0
  resolution: "eslint-visitor-keys@npm:5.0.0"
  checksum: 12446a76524024f9decd12ae7bb7de7bfb4b052d82c6a14180eb712962ada24168e8341a67421bcf99ada4a93b4eb46198e9ecf7c59010df8fb32a9d4475e071
  languageName: node
  linkType: hard

"espree@npm:^11.1.0":
  version: 11.1.0
  resolution: "espree@npm:11.1.0"
  dependencies:
    acorn: ^8.15.0
    acorn-jsx: ^5.3.2
    eslint-visitor-keys: ^5.0.0
  checksum: 8fcf568f5735fa4f482e160e47f15cd50334fb5ed54dde06c022c97c80990e36a64d9f2492f162159d7876f310f81e70de682a9b6ed3b0364d382d82597c455c
  languageName: node
  linkType: hard
