# This file is generated by running "yarn install" inside your project.
# Manual changes might be lost - proceed with caution!

__metadata:
  version: 6
  cacheKey: 8

"@chastelock/testcase@workspace:.":
  version: 0.0.0-use.local
  resolution: "@chastelock/testcase@workspace:."
  dependencies:
    mime-db: =1.54.0
    mime-types: 2.1.35
  peerDependencies:
    mime-db: 1.54.1
  languageName: unknown
  linkType: soft

"mime-db@npm:1.52.0":
  version: 1.52.0
  resolution: "mime-db@npm:1.52.0"
  checksum: 0d99a03585f8b39d68182803b12ac601d9c01abfa28ec56204fa330bc9f3d1c5e14beb049bafadb3dbdf646dfb94b87e24d4ec7b31b7279ef906a8ea9b6a513f
  languageName: node
  linkType: hard

"mime-db@npm:=1.54.0":
  version: 1.54.0
  resolution: "mime-db@npm:1.54.0"
  checksum: e99aaf2f23f5bd607deb08c83faba5dd25cf2fec90a7cc5b92d8260867ee08dab65312e1a589e60093dc7796d41e5fae013268418482f1db4c7d52d0a0960ac9
  languageName: node
  linkType: hard

"mime-types@npm:2.1.35":
  version: 2.1.35
  resolution: "mime-types@npm:2.1.35"
  dependencies:
    mime-db: 1.52.0
  checksum: 89a5b7f1def9f3af5dad6496c5ed50191ae4331cc5389d7c521c8ad28d5fdad2d06fd81baf38fed813dc4e46bb55c8145bb0ff406330818c9cf712fb2e9b3836
  languageName: node
  linkType: hard
