# This file is generated by running "yarn install" inside your project.
# Manual changes might be lost - proceed with caution!

__metadata:
  version: 4
  cacheKey: 7

"@chastelock/testcase@workspace:.":
  version: 0.0.0-use.local
  resolution: "@chastelock/testcase@workspace:."
  dependencies:
    is-even: 1.0.0
  languageName: unknown
  linkType: soft

"is-buffer@npm:^1.1.5":
  version: 1.1.6
  resolution: "is-buffer@npm:1.1.6"
  checksum: 336ec78f00e88efe6ff6f1aa08d06aadb942a6cd320e5f538ac00648378fb964743b3737c88ce7ce8741c067e4a3b78f596b83ee1a3c72dc2885ea0b03dc84f2
  languageName: node
  linkType: hard

"is-even@npm:1.0.0":
  version: 1.0.0
  resolution: "is-even@npm:1.0.0"
  dependencies:
    is-odd: ^0.1.2
  checksum: a263f531ea1cc2d9dc75803e3b3a5b46e6386b4c7303a066c5ec894fb97eccb1ebda8a79c31c9c1e015b5e3b5e41d35bba730fd3e8d408e497627d90f65076a3
  languageName: node
  linkType: hard

"is-number@npm:^3.0.0":
  version: 3.0.0
  resolution: "is-number@npm:3.0.0"
  dependencies:
    kind-of: ^3.0.2
  checksum: ae03986dedb1e414cfef5402b24c9be5e9171bc77fdaa189f468144e801b23d8abaa9bf52fb882295558a042fbb0192fb3f80759a010073884eff9ee3f196962
  languageName: node
  linkType: hard

"is-odd@npm:^0.1.2":
  version: 0.1.2
  resolution: "is-odd@npm:0.1.2"
  dependencies:
    is-number: ^3.0.0
  checksum: 3a020ddb6a03235472830427a3b40ca1707af06d7816945e817142e1a0c3650fc92940842c9f408033067cd5c4a0fceaba252711ed68d9c0d18bb59fc5d003cb
  languageName: node
  linkType: hard

"kind-of@npm:^3.0.2":
  version: 3.2.2
  resolution: "kind-of@npm:3.2.2"
  dependencies:
    is-buffer: ^1.1.5
  checksum: e8a1835c4baa9b52666cd5d8ae89e6b9b9f5978600a30ba75fc92da332d1ba182bda90aa7372fc992a3eb6da261dc3fea0f136af24ddc87cfb668d40c817af56
  languageName: node
  linkType: hard
