# This file is generated by running "yarn install" inside your project.
# Manual changes might be lost - proceed with caution!

__metadata:
  version: 4
  cacheKey: 7

"@chastelock/testcase@workspace:.":
  version: 0.0.0-use.local
  resolution: "@chastelock/testcase@workspace:."
  dependencies:
    is-even: ^1.0.0
  languageName: unknown
  linkType: soft

"is-even@npm:^1.0.0":
  version: 1.0.0
  resolution: "is-even@npm:1.0.0"
  dependencies:
    is-odd: ^0.1.2
  checksum: a263f531ea1cc2d9dc75803e3b3a5b46e6386b4c7303a066c5ec894fb97eccb1ebda8a79c31c9c1e015b5e3b5e41d35bba730fd3e8d408e497627d90f65076a3
  languageName: node
  linkType: hard

"is-odd@https://registry.yarnpkg.com/nop/-/nop-1.0.0.tgz":
  version: 1.0.0
  resolution: "is-odd@https://registry.yarnpkg.com/nop/-/nop-1.0.0.tgz"
  checksum: 45b0cd5c62ccdd50167fc3756048ca0426f4cb1100b86a4005eb0e2ae05ce4767bf800c6924c8c3bf46d00a297e6a70eb62d143269bf28fc8c35700ab112796b
  languageName: node
  linkType: hard
