# This file is generated by running "yarn install" inside your project.
# Manual changes might be lost - proceed with caution!

__metadata:
  version: 8
  cacheKey: 10

"@chastelock/test__git_ssh@workspace:.":
  version: 0.0.0-use.local
  resolution: "@chastelock/test__git_ssh@workspace:."
  dependencies:
    node-semver: "ssh://git@github.com/npm/node-semver.git#semver:^7.5.0"
  languageName: unknown
  linkType: soft

"node-semver@ssh://git@github.com/npm/node-semver.git#semver:^7.5.0":
  version: 7.6.3
  resolution: "node-semver@ssh://git@github.com/npm/node-semver.git#commit=0a12d6c7debb1dc82d8645c770e77c47bac5e1ea"
  bin:
    semver: bin/semver.js
  checksum: 10/8a7b9d6216902f8a6101d3fd4754f68f36cd93da3a5c41fe77dc45fe069a3c83cae45838119bb9257e4098d0cd3a61842d5e56e2850bc7729f8befd82e2a7133
  languageName: node
  linkType: hard
