# This file is generated by running "yarn install" inside your project.
# Manual changes might be lost - proceed with caution!

__metadata:
  version: 8
  cacheKey: 10c0

"@chastelock/balls@workspace:pkgs/balls":
  version: 0.0.0-use.local
  resolution: "@chastelock/balls@workspace:pkgs/balls"
  dependencies:
    ligma-api: "npm:^1.0.0"
  languageName: unknown
  linkType: soft

"ligma-api@npm:^1.0.0, ligma-api@workspace:pkgs/ligma-api":
  version: 0.0.0-use.local
  resolution: "ligma-api@workspace:pkgs/ligma-api"
  dependencies:
    long: "npm:^5.0.0"
  languageName: unknown
  linkType: soft

"long@npm:^5.0.0":
  version: 5.3.2
  resolution: "long@npm:5.3.2"
  checksum: 10c0/7130fe1cbce2dca06734b35b70d380ca3f70271c7f8852c922a7c62c86c4e35f0c39290565eca7133c625908d40e126ac57c02b1b1a4636b9457d77e1e60b981
  languageName: node
  linkType: hard

"root-workspace-0b6124@workspace:.":
  version: 0.0.0-use.local
  resolution: "root-workspace-0b6124@workspace:."
  languageName: unknown
  linkType: soft
