{
  "__metadata": {
    "version": 9
  },
  "entries": {
    "accepts@npm:~1.3.8": {
      "checksum": "658b52ed02a0c3c332cd6733e59c891ca742129326daabf2ffa1cc92e911c90163ab3793e3e45a6ae80773d71651e93ee8e1547d6e1c68f0cf22c987761f907f",
      "resolution": {
        "resolution": "accepts@npm:1.3.8",
        "version": "1.3.8",
        "dependencies": {
          "mime-types": "~2.1.34",
          "negotiator": "0.6.3"
        }
      }
    },
    "array-flatten@npm:1.1.1": {
      "checksum": "b699f24cfc65fc6f0db003db688b73c605b67be096bee03db8fbcaea4333f8cf6031c9b2fa8834daa0fa31a74378e3f2598fd2086f32ec7f640db6755ab4c0aa",
      "resolution": {
        "resolution": "array-flatten@npm:1.1.1",
        "version": "1.1.1"
      }
    },
    "body-parser@npm:1.20.3": {
      "checksum": "b6b316a3374fe7e25b2080a01ee5ce04f1d05046b3f7741fd53b41c75dc4a84a1ca64c7db3ee64ddb986d0b58a60bb6d7b21b59a5bf49b4b369d37bf521da4a4",
      "resolution": {
        "resolution": "body-parser@npm:1.20.3",
        "version": "1.20.3",
        "dependencies": {
          "bytes": "3.1.2",
          "content-type": "~1.0.5",
          "debug": "2.6.9",
          "depd": "2.0.0",
          "destroy": "1.2.0",
          "http-errors": "2.0.0",
          "iconv-lite": "0.4.24",
          "on-finished": "2.4.1",
          "qs": "6.13.0",
          "raw-body": "2.5.2",
          "type-is": "~1.6.18",
          "unpipe": "1.0.0"
        }
      }
    },
    "bytes@npm:3.1.2": {
      "checksum": "cd339189de9ef50a9c9258d032f5bc1991554edb7f835c22e0c5f0364e66094df4ee37b5029b29228ecd41588af42f2e2531ebc1804838d3425332b26584b4c3",
      "resolution": {
        "resolution": "bytes@npm:3.1.2",
        "version": "3.1.2"
      }
    },
    "call-bind-apply-helpers@npm:^1.0.1": {
      "checksum": "13108248be731634c19cef5fb02fed51eeca2d36fad617d36ce5499a29b648d7ccd82ae329e90a5d423cae9c29ff07086f9e7f79b53be0a1a7b4cd8d2a0a1477",
      "resolution": {
        "resolution": "call-bind-apply-helpers@npm:1.0.1",
        "version": "1.0.1",
        "dependencies": {
          "es-errors": "^1.3.0",
          "function-bind": "^1.1.2"
        }
      }
    },
    "call-bound@npm:^1.0.2": {
      "checksum": "30866608c4003ba46b18679def8c46aa6c0bcbb78cab1aa0b67f38c56c3c3df09035b05a6ddbee3ef7a21384c593e8de0ca3cf19fec542935647787d9b576cae",
      "resolution": {
        "resolution": "call-bound@npm:1.0.3",
        "version": "1.0.3",
        "dependencies": {
          "call-bind-apply-helpers": "^1.0.1",
          "get-intrinsic": "^1.2.6"
        }
      }
    },
    "content-disposition@npm:0.5.4": {
      "checksum": "fd6a56d6a439ee26baf5a9854050d7f35c15f9703eb00c750c16dc48db2094b8d4c720bbfc290375165facf00526a779a4fbe19112b79aadf19227f83e27942b",
      "resolution": {
        "resolution": "content-disposition@npm:0.5.4",
        "version": "0.5.4",
        "dependencies": {
          "safe-buffer": "5.2.1"
        }
      }
    },
    "content-type@npm:~1.0.4, content-type@npm:~1.0.5": {
      "checksum": "ba1f3d5ef6f993915f3c3940d42c675c25dda800b25858faa95a25675a8bf5a5654d63160dc0d1b150b4f4adc53f8c8e807c4e521b955c2baadd72fdf09668ae",
      "resolution": {
        "resolution": "content-type@npm:1.0.5",
        "version": "1.0.5"
      }
    },
    "cookie@npm:0.6.0": {
      "checksum": "113d237363ce09d05eef8f34461e401505969d780c31379190a49d7e81a212359aee6056f5922872136c3acab2a82b375dbc8fdc98b02ac76e50dafacc9042e3",
      "resolution": {
        "resolution": "cookie@npm:0.6.0",
        "version": "0.6.0"
      }
    },
    "cookie-signature@npm:1.0.6": {
      "checksum": "591c3ad6c1bea0a2e9898c42f1206b70bc57be88e7cc84f323ff889b9b1c0793d28ed9b2d7f978117f4944b4b5c80a3f87fe8a5538620cb181e9fb60deaac8aa",
      "resolution": {
        "resolution": "cookie-signature@npm:1.0.6",
        "version": "1.0.6"
      }
    },
    "debug@npm:2.6.9": {
      "checksum": "7c4f70df23eb8dc8daa57f7d66f056e4204b0dc60fe3be2beb6b6b25489e297660334e214e0a40e9fcec4e63c59c1e68edf0abdca5ab527986e12524f4a2e7a9",
      "resolution": {
        "resolution": "debug@npm:2.6.9",
        "version": "2.6.9",
        "dependencies": {
          "ms": "2.0.0"
        }
      }
    },
    "depd@npm:2.0.0": {
      "checksum": "090e8c63e113701e99a9b6deb67397d69a59fbfbac22a33890546f4adfca3a6ff3f0857499571cdc22e9d67cdc79bf0ed84aee9d854ae685c7a76074cea2cdc9",
      "resolution": {
        "resolution": "depd@npm:2.0.0",
        "version": "2.0.0"
      }
    },
    "destroy@npm:1.2.0": {
      "checksum": "ca963524f9a7892ef86bbfc800a61c8f7e10fe89f1064a2a2433a321c27a627e4e5e65d39baa03ff42ec70d0ec823dc340777a8fce9b48e69aa14012ed831aad",
      "resolution": {
        "resolution": "destroy@npm:1.2.0",
        "version": "1.2.0"
      }
    },
    "dunder-proto@npm:^1.0.1": {
      "checksum": "6c57998697aba67b899f6a87249f215ad8a33bfc5968a9d754328d6872606bae0be641adbc1f8883687dca3a4c5d5087b601f017fa52f0fac5aa6090038a963b",
      "resolution": {
        "resolution": "dunder-proto@npm:1.0.1",
        "version": "1.0.1",
        "dependencies": {
          "call-bind-apply-helpers": "^1.0.1",
          "es-errors": "^1.3.0",
          "gopd": "^1.2.0"
        }
      }
    },
    "ee-first@npm:1.1.1": {
      "checksum": "fea81dac9f8dcebbbd0a8b565705626f7f6954528cbeda12011584dd205598419b2005899dcad511d301938c524b1d360c46b079f15299780c22673b475c684c",
      "resolution": {
        "resolution": "ee-first@npm:1.1.1",
        "version": "1.1.1"
      }
    },
    "encodeurl@npm:~1.0.2": {
      "checksum": "07455bb71acab6e6d398b3de2bcba3463b91a0e0853250050bef02b22235f3dea193320e91b5a45df748be4b6d64d78d0fd57765de17afa33ba1086ddb6f4e1b",
      "resolution": {
        "resolution": "encodeurl@npm:1.0.2",
        "version": "1.0.2"
      }
    },
    "encodeurl@npm:~2.0.0": {
      "checksum": "ba4003314f7740d0cab825288d905bac048c5a257bafbc4c170a7a0ef328f6db84ff356d9338bd6eb53112bdd16dfbde007de6413aeb619031798fb6e5aa0026",
      "resolution": {
        "resolution": "encodeurl@npm:2.0.0",
        "version": "2.0.0"
      }
    },
    "es-define-property@npm:^1.0.1": {
      "checksum": "31be27b2ceba13e1cad59bdabb14c5f0d64df59835c225f379293d47af45e815d962e82ef773b1a6842a3c69d7e458f86d81d875f0d1d4ca28e1892a32bacedd",
      "resolution": {
        "resolution": "es-define-property@npm:1.0.1",
        "version": "1.0.1"
      }
    },
    "es-errors@npm:^1.3.0": {
      "checksum": "bc5a8b2b96ac26f36456dca5ff5bf081ec2de0ad62be7b81760b0547ea02bb80eaf81c4ced6330fcdec13ae23d83310e6b768d0356b7d8fdcd73e2ce13c3cd3a",
      "resolution": {
        "resolution": "es-errors@npm:1.3.0",
        "version": "1.3.0"
      }
    },
    "es-object-atoms@npm:^1.0.0": {
      "checksum": "f5f80bb84cc7577b81b80d7d4b75e476bc4d2e59099165aaf14943bfd232977bd7e9b6aa5aa9b92ce1dfdde7134cb5f008a6dec24b3af2e3fa8226bc9481f055",
      "resolution": {
        "resolution": "es-object-atoms@npm:1.0.0",
        "version": "1.0.0",
        "dependencies": {
          "es-errors": "^1.3.0"
        }
      }
    },
    "escape-html@npm:~1.0.3": {
      "checksum": "f6ec6495442d59c1719e9ea27274d9991f80a54bd325abcab6fc5a9d636d1ee7d84239308cce58ce47fbdb0576f11829a5a88c81f3d8996a1603f247ceb9867b",
      "resolution": {
        "resolution": "escape-html@npm:1.0.3",
        "version": "1.0.3"
      }
    },
    "etag@npm:~1.8.1": {
      "checksum": "2f141310fb7bb413b9ed44f437efd71a24034d7511c85c37369d65cc6b79b19cace00f90f2b22e95e5ab6c9a3d23529a3da60a24608a7329c8a2374a665210ee",
      "resolution": {
        "resolution": "etag@npm:1.8.1",
        "version": "1.8.1"
      }
    },
    "express@npm:4.21.0": {
      "checksum": "6d0c0d2081a5e100397cfb339505ce1ca99e718d27d8a8fbb5ae73b83cee66f86d77e77aaae3fcbd218dd1398b215002617af9f77cea8a6f70d71d5fa70ea0e6",
      "resolution": {
        "resolution": "express@npm:4.21.0",
        "version": "4.21.0",
        "dependencies": {
          "accepts": "~1.3.8",
          "array-flatten": "1.1.1",
          "body-parser": "1.20.3",
          "content-disposition": "0.5.4",
          "content-type": "~1.0.4",
          "cookie": "0.6.0",
          "cookie-signature": "1.0.6",
          "debug": "2.6.9",
          "depd": "2.0.0",
          "encodeurl": "~2.0.0",
          "escape-html": "~1.0.3",
          "etag": "~1.8.1",
          "finalhandler": "1.3.1",
          "fresh": "0.5.2",
          "http-errors": "2.0.0",
          "merge-descriptors": "1.0.3",
          "methods": "~1.1.2",
          "on-finished": "2.4.1",
          "parseurl": "~1.3.3",
          "path-to-regexp": "0.1.10",
          "proxy-addr": "~2.0.7",
          "qs": "6.13.0",
          "range-parser": "~1.2.1",
          "safe-buffer": "5.2.1",
          "send": "0.19.0",
          "serve-static": "1.16.2",
          "setprototypeof": "1.2.0",
          "statuses": "2.0.1",
          "type-is": "~1.6.18",
          "utils-merge": "1.0.1",
          "vary": "~1.1.2"
        }
      }
    },
    "finalhandler@npm:1.3.1": {
      "checksum": "4f489c685171d7a8f83130a8c275e7fffe6f6f24ad4ae37fd631c460db1c24c789239e9587ff9de7e2f051f446f0d553cc243a159d3fcaccf392d0b114000d9b",
      "resolution": {
        "resolution": "finalhandler@npm:1.3.1",
        "version": "1.3.1",
        "dependencies": {
          "debug": "2.6.9",
          "encodeurl": "~2.0.0",
          "escape-html": "~1.0.3",
          "on-finished": "2.4.1",
          "parseurl": "~1.3.3",
          "statuses": "2.0.1",
          "unpipe": "~1.0.0"
        }
      }
    },
    "forwarded@npm:0.2.0": {
      "checksum": "ff6c946eb4d44f94f74ecce61b30e0e629a4d6fdacdb4aade1c6f4957f144703fc89db9585ec6b2c3ecd66094436952c28693920ada4e3f718bc45375c1100e4",
      "resolution": {
        "resolution": "forwarded@npm:0.2.0",
        "version": "0.2.0"
      }
    },
    "fresh@npm:0.5.2": {
      "checksum": "07080291dfb5369e5281131aa2de99975afbc0b739fd68029c641aa3db4ad8f8b8f880db040ec16906dc6b408597ab59d76c743ebf808dc538493c2ad22f67f0",
      "resolution": {
        "resolution": "fresh@npm:0.5.2",
        "version": "0.5.2"
      }
    },
    "function-bind@npm:^1.1.2": {
      "checksum": "1ecf826e398284d436fcfa8cf26289dd03e07e5681fce314631d51b618b7e7557895939356bc72d3c542ef8eb9f30ff2db1ec19ae4cb5908b06e1277869acdcd",
      "resolution": {
        "resolution": "function-bind@npm:1.1.2",
        "version": "1.1.2"
      }
    },
    "get-intrinsic@npm:^1.2.5, get-intrinsic@npm:^1.2.6": {
      "checksum": "841cc543e7fb65f09d296f2f365c39be5642ffdfc69b09e843f695083c342367afea44e830a5822d9b2e0756328b4ce0e77613b39183257daa891012fdc1c060",
      "resolution": {
        "resolution": "get-intrinsic@npm:1.2.7",
        "version": "1.2.7",
        "dependencies": {
          "call-bind-apply-helpers": "^1.0.1",
          "es-define-property": "^1.0.1",
          "es-errors": "^1.3.0",
          "es-object-atoms": "^1.0.0",
          "function-bind": "^1.1.2",
          "get-proto": "^1.0.0",
          "gopd": "^1.2.0",
          "has-symbols": "^1.1.0",
          "hasown": "^2.0.2",
          "math-intrinsics": "^1.1.0"
        }
      }
    },
    "get-proto@npm:^1.0.0": {
      "checksum": "c788a5b86f271c5f81b728ab1984e4ff800cba65587a831eb6253b4cc6da9d112ece0650d86268c8147fd369a2aaf9d18126bc0785d165d79f7046a99ffb002f",
      "resolution": {
        "resolution": "get-proto@npm:1.0.1",
        "version": "1.0.1",
        "dependencies": {
          "dunder-proto": "^1.0.1",
          "es-object-atoms": "^1.0.0"
        }
      }
    },
    "gopd@npm:^1.2.0": {
      "checksum": "7dd0eafab33051bc2c13e743c34b705e04c98bb47ecdbd08b069b649cf41ff6afe9d1540f01719f3d17d621b2c3508321edef7944b00b6deccac262316b26b98",
      "resolution": {
        "resolution": "gopd@npm:1.2.0",
        "version": "1.2.0"
      }
    },
    "has-symbols@npm:^1.1.0": {
      "checksum": "44f1b14e174360784aed01d3b04b51cbdd255a8a67b7366923bdc434c19eecfce04bcecbc041d62d98db8c90d78e55f6150cdbd1acc5e6511025154892fb2e47",
      "resolution": {
        "resolution": "has-symbols@npm:1.1.0",
        "version": "1.1.0"
      }
    },
    "hasown@npm:^2.0.2": {
      "checksum": "6c2b34835e0ea9745c0661a62a20677c293657eb940590e6ca83ddf108b03b0a1ac5ca522cdfac1298ddf1939c902db444056d1dd23a7f857efafa37c56955fa",
      "resolution": {
        "resolution": "hasown@npm:2.0.2",
        "version": "2.0.2",
        "dependencies": {
          "function-bind": "^1.1.2"
        }
      }
    },
    "http-errors@npm:2.0.0": {
      "checksum": "4b7e76439efb209510e2d5ca90e03f1aa26f4cdefe7ba61d14850f9af0e97042042a67c9117f53ea7e646fc6f4b5876dfb2393892840c3af05db62340da02c04",
      "resolution": {
        "resolution": "http-errors@npm:2.0.0",
        "version": "2.0.0",
        "dependencies": {
          "depd": "2.0.0",
          "inherits": "2.0.4",
          "setprototypeof": "1.2.0",
          "statuses": "2.0.1",
          "toidentifier": "1.0.1"
        }
      }
    },
    "iconv-lite@npm:0.4.24": {
      "checksum": "065dcbe85979312609df7ae13fdc9972e33cbbc1a8132fae53efe9a34d857ddb218be94cb0a463196acccd4d78bdf5e730b42eb6f7e69b4e95537dc50b0873d5",
      "resolution": {
        "resolution": "iconv-lite@npm:0.4.24",
        "version": "0.4.24",
        "dependencies": {
          "safer-buffer": ">= 2.1.2 < 3"
        }
      }
    },
    "inherits@npm:2.0.4": {
      "checksum": "552e8afa79fc18dce4813eac3236b1fd46af3e9301b36ba10566713b91be71b0ba681066e9c6f1eb6bee93ace81eea900bc03fd336fd68ac009f7c1219da6a5d",
      "resolution": {
        "resolution": "inherits@npm:2.0.4",
        "version": "2.0.4"
      }
    },
    "ipaddr.js@npm:1.9.1": {
      "checksum": "f1db44f06eaacd21528737b5027c48c096bb711077964314b9593783dd5efe0f7eb8047f410654dc1f7a7a2a9f8126a2ba20122471963f5c38c7a456581eaea2",
      "resolution": {
        "resolution": "ipaddr.js@npm:1.9.1",
        "version": "1.9.1"
      }
    },
    "math-intrinsics@npm:^1.1.0": {
      "checksum": "58f0fb4a57a9b5fbcebc63a778ef199cba5183c026d8d7d37cd623dedf036ece7d357c7e67019b6ffc0988cbdba0c2c85ac00d11500052efa3b58dbe2901bf12",
      "resolution": {
        "resolution": "math-intrinsics@npm:1.1.0",
        "version": "1.1.0"
      }
    },
    "media-typer@npm:0.3.0": {
      "checksum": "383808e7d93cdc770763cdfff4cc78633a933a61bd486cc88424a07fbb992ced491a7fda67ca2253ef6fff7c9eba1f376472e7b500b696d6e37b87cfbb418f8c",
      "resolution": {
        "resolution": "media-typer@npm:0.3.0",
        "version": "0.3.0"
      }
    },
    "merge-descriptors@npm:1.0.3": {
      "checksum": "27b0c25ec2bd00d33e7f748d57bd715b4aecac01b640eae8e03886ac3dfa22c4269dd4a7483bab72a9a0d3747dab836c5b84a301708aaea45034b70b586ee99d",
      "resolution": {
        "resolution": "merge-descriptors@npm:1.0.3",
        "version": "1.0.3"
      }
    },
    "methods@npm:~1.1.2": {
      "checksum": "8d450a47e305ba809b243dc80155733af2d996e5d66edad7cc2ab240e64d72c7aa16fbdee7ebcacfb1d7b2d672557fb4ff833e6ba967518573a9fd2b9aecddca",
      "resolution": {
        "resolution": "methods@npm:1.1.2",
        "version": "1.1.2"
      }
    },
    "mime@npm:1.6.0": {
      "checksum": "e81f67c2c0df7aa7ea516043ed9069969012b8bcf087a374eab8528f50b9c231b9fa63eb2e25632a6bfb1d9fe967abe0144974fbee81a81edfa04bc2fc2be106",
      "resolution": {
        "resolution": "mime@npm:1.6.0",
        "version": "1.6.0"
      }
    },
    "mime-db@npm:1.52.0": {
      "checksum": "8049857c5255211ba1b1febcdd238e13726176d225e73fc422173ad8c333f9aec2e1bae48fcc4197d04f7e6f05edadadb879f002e09f330adec1e6de65ea3c13",
      "resolution": {
        "resolution": "mime-db@npm:1.52.0",
        "version": "1.52.0"
      }
    },
    "mime-types@npm:~2.1.24, mime-types@npm:~2.1.34": {
      "checksum": "98a26b0cb786b4b6ead7e6f576628e8a0aa9c832f556d52cda7c193de5459648326bd69f45bc16cb4ab541dd1ff5db7ed7fc11ca4f27a0f68b4170e245911ad5",
      "resolution": {
        "resolution": "mime-types@npm:2.1.35",
        "version": "2.1.35",
        "dependencies": {
          "mime-db": "1.52.0"
        }
      }
    },
    "ms@npm:2.0.0": {
      "checksum": "428f4f616dcfd136a1c573f140f98a653c8a6be88d9e7d7cd966f8aa9affe2b8d369cbeea98df7fd345fff289a622eb99308179f1d810abddc1c9c0d9248a63d",
      "resolution": {
        "resolution": "ms@npm:2.0.0",
        "version": "2.0.0"
      }
    },
    "ms@npm:2.1.3, ms@npm:^2.1": {
      "checksum": "6bbb3b34df198b189cdd89fd4374e887ce8884ffe478d2bc7f0f5c9041fe8112521c67a0c5984d6a04810755d46a9bf89a514ac9776c5828cba207bcd8802892",
      "resolution": {
        "resolution": "ms@npm:2.1.3",
        "version": "2.1.3"
      }
    },
    "negotiator@npm:0.6.3": {
      "checksum": "1710b71cfeeb4124527b6195be72d22052edb82607c51216dbf8b618b0631a462df13d9722da1d0e83286a06f86135f09e15ca0d19c9bbbaf970092a4887f8f2",
      "resolution": {
        "resolution": "negotiator@npm:0.6.3",
        "version": "0.6.3"
      }
    },
    "object-inspect@npm:^1.13.3": {
      "checksum": "454c9adfc61d1c5f86b44aa3ecdc6617e1319673607e741ff6f2c290f88b53fed3433d50c07666996ffe9bff30db5a245d61f76a157b2bac14d5f440a8690052",
      "resolution": {
        "resolution": "object-inspect@npm:1.13.3",
        "version": "1.13.3"
      }
    },
    "on-finished@npm:2.4.1": {
      "checksum": "45097d23a14702441dd1d5cff549e953887f1f625503597e7d200a758a9b9ba546364697bad015ffdea2aa166e4b55ee4e2410eed17eb67faa249a0a242fbfcf",
      "resolution": {
        "resolution": "on-finished@npm:2.4.1",
        "version": "2.4.1",
        "dependencies": {
          "ee-first": "1.1.1"
        }
      }
    },
    "parseurl@npm:~1.3.3": {
      "checksum": "5dbbe3d54b8e655642516452c19fba745b1c1ed40c6171aed7477b4dfda080044ef2b151e241127de5a8d566e2445c93ab27afc2942a1139821baa1adfde3d9d",
      "resolution": {
        "resolution": "parseurl@npm:1.3.3",
        "version": "1.3.3"
      }
    },
    "path-to-regexp@npm:0.1.12": {
      "checksum": "ea2cb9a5e5a80cb0d9c721eda2d2a2fef34c0101e71cfc0a309de49944c9bcd1c9ecceda9b8e37c3969a4246b36353700adedc15c5cde9b9db2605b366ef65b7",
      "resolution": {
        "resolution": "path-to-regexp@npm:0.1.12",
        "version": "0.1.12"
      }
    },
    "proxy-addr@npm:~2.0.7": {
      "checksum": "96bdb41948635cac8fcbba4ebaaeca04b7430b0bfa48635ac717d543fefaa6674a8df49d7e8ef926aabd5b1d4f7ef215f310e803c53a18c8d36e9790ca78ee13",
      "resolution": {
        "resolution": "proxy-addr@npm:2.0.7",
        "version": "2.0.7",
        "dependencies": {
          "forwarded": "0.2.0",
          "ipaddr.js": "1.9.1"
        }
      }
    },
    "qs@npm:6.13.0": {
      "checksum": "04e24d0cacd283739dfffa06033be798dae664576d542a024582d39c52bfb4840e560ff8eec203471233b09faa150d347806cb75f06173b2196e164fe8d92334",
      "resolution": {
        "resolution": "qs@npm:6.13.0",
        "version": "6.13.0",
        "dependencies": {
          "side-channel": "^1.0.6"
        }
      }
    },
    "range-parser@npm:~1.2.1": {
      "checksum": "92ae84c7507e700e7c05a30dbb4664f103c9a4bed75584c3a6f710e80ce55d47bde43b95be8d5dbac016607faef449522661dc806c756e2985f245281ea4b56d",
      "resolution": {
        "resolution": "range-parser@npm:1.2.1",
        "version": "1.2.1"
      }
    },
    "raw-body@npm:2.5.2": {
      "checksum": "b8a5775023b5ae4d31a697373754f277c0cd427088361041887256ec6f68342e545a1c696474bea675a3583dff83ef74f646862a83d16c62312f44418a0521d8",
      "resolution": {
        "resolution": "raw-body@npm:2.5.2",
        "version": "2.5.2",
        "dependencies": {
          "bytes": "3.1.2",
          "http-errors": "2.0.0",
          "iconv-lite": "0.4.24",
          "unpipe": "1.0.0"
        }
      }
    },
    "safe-buffer@npm:5.2.1": {
      "checksum": "6176c91e29aa58a128122666ccdcbd9a97685c49d6b4084e5a27092e0f37fd3a8b669fce7eb2ff570c8b24044cf184a0c8b9d246bb2111582865512086d1cb63",
      "resolution": {
        "resolution": "safe-buffer@npm:5.2.1",
        "version": "5.2.1"
      }
    },
    "safer-buffer@npm:>= 2.1.2 < 3": {
      "checksum": "58de357e9e57672d158dd46851abe1f83c9020f0d0a48e1277478e3ac7269cbc1fafaabbc5d166f12f799f9b1c7be437b0fc54d4e0b7fd0053b026f975449755",
      "resolution": {
        "resolution": "safer-buffer@npm:2.1.2",
        "version": "2.1.2"
      }
    },
    "send@npm:0.19.0": {
      "checksum": "f113b6fc5c349712b14bcf49c88a0fb13c2e79b913e158897a83913c5b2953784384a702292ba5bd93d7b11f01b758212b6c05c3362b06b2413af14aac5c23e6",
      "resolution": {
        "resolution": "send@npm:0.19.0",
        "version": "0.19.0",
        "dependencies": {
          "debug": "2.6.9",
          "depd": "2.0.0",
          "destroy": "1.2.0",
          "encodeurl": "~1.0.2",
          "escape-html": "~1.0.3",
          "etag": "~1.8.1",
          "fresh": "0.5.2",
          "http-errors": "2.0.0",
          "mime": "1.6.0",
          "ms": "2.1.3",
          "on-finished": "2.4.1",
          "range-parser": "~1.2.1",
          "statuses": "2.0.1"
        }
      }
    },
    "serve-static@npm:1.16.2": {
      "checksum": "1ccc5b8bc44f2e552c46f22879dd24682c6a5053f8541cb195c636c8c473978bfe4fd90d12057d265d6dc986c92b2c7d87897c203d34de92d289b5ca4589bbf5",
      "resolution": {
        "resolution": "serve-static@npm:1.16.2",
        "version": "1.16.2",
        "dependencies": {
          "encodeurl": "~2.0.0",
          "escape-html": "~1.0.3",
          "parseurl": "~1.3.3",
          "send": "0.19.0"
        }
      }
    },
    "setprototypeof@npm:1.2.0": {
      "checksum": "7b293d3ede7645451eb39ac9c2c72413715fc21eb7a7c6e1f5acaf52f53b31da8592b941c149198a8d2e0ae41dcf8a95bd874e0fe5649f562aa9d3e641121129",
      "resolution": {
        "resolution": "setprototypeof@npm:1.2.0",
        "version": "1.2.0"
      }
    },
    "side-channel@npm:^1.0.6": {
      "checksum": "a4008d498045fc1203e7fe3136e935002becad165afc022981e8d1ac80beb3b2f1ffbbc42a82db7526fe4905b5e21839d1d00d467025a1df7e248e0d3dc0d9d4",
      "resolution": {
        "resolution": "side-channel@npm:1.1.0",
        "version": "1.1.0",
        "dependencies": {
          "es-errors": "^1.3.0",
          "object-inspect": "^1.13.3",
          "side-channel-list": "^1.0.0",
          "side-channel-map": "^1.0.1",
          "side-channel-weakmap": "^1.0.2"
        }
      }
    },
    "side-channel-list@npm:^1.0.0": {
      "checksum": "2a8668eaa3b95f6cab5a293a5ecc3f984c906f8f7dfe9e6adfe11b4bbcbccb30447bcf26feb5121927b52e3f799c6267a8d070ad60cf36ab7856804d17ad4120",
      "resolution": {
        "resolution": "side-channel-list@npm:1.0.0",
        "version": "1.0.0",
        "dependencies": {
          "es-errors": "^1.3.0",
          "object-inspect": "^1.13.3"
        }
      }
    },
    "side-channel-map@npm:^1.0.1": {
      "checksum": "7f2b71e3758f1a9d3248422aa3dc1c7ef21fa598e73289206d60be0a01f96da0cc75517cba0e4dc2930b2db9a1217ecba70a3a09c5b1ce303640b9139be8ee11",
      "resolution": {
        "resolution": "side-channel-map@npm:1.0.1",
        "version": "1.0.1",
        "dependencies": {
          "call-bound": "^1.0.2",
          "es-errors": "^1.3.0",
          "get-intrinsic": "^1.2.5",
          "object-inspect": "^1.13.3"
        }
      }
    },
    "side-channel-weakmap@https://github.com/ljharb/side-channel-weakmap/archive/refs/tags/v1.0.1.tar.gz": {
      "checksum": "81d5674757a2a9081cde3482af3d63af89e74a1bc5083a1b0ac5109694878adcfd94c34910ab2c006f05cc5596eb4ad99f8c2d49a91f3225bc0a3b5449148dfd",
      "resolution": {
        "resolution": "side-channel-weakmap@https://github.com/ljharb/side-channel-weakmap/archive/refs/tags/v1.0.1.tar.gz",
        "version": "1.0.1",
        "dependencies": {
          "call-bound": "^1.0.2",
          "es-errors": "^1.3.0",
          "get-intrinsic": "^1.2.5",
          "object-inspect": "^1.13.3",
          "side-channel-map": "^1.0.1"
        }
      }
    },
    "statuses@npm:2.0.1": {
      "checksum": "5fc8136e227583115fad7937d2c547516f87c1844f5b9a1039c84029411d8bed6933141a8d46716bd9942f3e3112a1bfa071ef9c8cf750ab7d284fac137f6b82",
      "resolution": {
        "resolution": "statuses@npm:2.0.1",
        "version": "2.0.1"
      }
    },
    "toidentifier@npm:1.0.1": {
      "checksum": "107bd01e8a201d0770e4bc9c3915eab463ac971ccca1fe9bae8bcbedc999790db051c964bb8adf78e05f0d79d203d1202aab4975e27f4adbd01ad98c9783df2b",
      "resolution": {
        "resolution": "toidentifier@npm:1.0.1",
        "version": "1.0.1"
      }
    },
    "type-is@npm:~1.6.18": {
      "checksum": "f1610808addcecda1a34986dc8f8c1338c158c47b8da0e3e0858ac29acc3b1e36265ed240e971d427878d9f815c25ba4dc0e874c10c4583eaef949bbbebd159d",
      "resolution": {
        "resolution": "type-is@npm:1.6.18",
        "version": "1.6.18",
        "dependencies": {
          "media-typer": "0.3.0",
          "mime-types": "~2.1.24"
        }
      }
    },
    "unpipe@npm:1.0.0, unpipe@npm:~1.0.0": {
      "checksum": "da83e411b904b5153f89e1317a6fbbffbe3c2b1f623a45e3c19a59f4b69c783dd449bb063a7f2274d75597ff9a45be4e56232ed7c247edca9c9f443bfb9be853",
      "resolution": {
        "resolution": "unpipe@npm:1.0.0",
        "version": "1.0.0"
      }
    },
    "utils-merge@npm:1.0.1": {
      "checksum": "25e88a474b72bb3a4ac310e5abd44543651d102706d18519e81b2c56050dec7248ae26c3478ce7e321164b7bce3936718f4aa620f70718d70f5d6b2d7ac94abb",
      "resolution": {
        "resolution": "utils-merge@npm:1.0.1",
        "version": "1.0.1"
      }
    },
    "vary@npm:~1.1.2": {
      "checksum": "1a661ddccb26c7765679a30cf94194000dd1c7b0b07ad3d3114d7b510efc032e8531095f2d87c4e5ce7fcd8ce87a9a032ddd328b707b4e63cea0db8b4d0f0b69",
      "resolution": {
        "resolution": "vary@npm:1.1.2",
        "version": "1.1.2"
      }
    }
  }
}