# This file is generated by running "yarn install" inside your project.
# Manual changes might be lost - proceed with caution!

__metadata:
  version: 4
  cacheKey: 7

"@a/empty@npm:0.0.1":
  version: 0.0.1
  resolution: "@a/empty@npm:0.0.1::__archiveUrl=https%3A%2F%2Fcodeberg.org%2Fapi%2Fpackages%2Flibselfisekai%2Fnpm%2F%2540a%252Fempty%2F-%2F0.0.1%2Fempty-0.0.1.tgz"
  checksum: 06c82217d45721fa4a4217f23d873b95fb4ac4130e96ececeb06a48efadc0d197f26df7f3ad80b8ed04e1ea219e689df897e9c75d3c41bf4de1a2973ded0cb48
  languageName: node
  linkType: hard

"@chastelock/testcase@workspace:.":
  version: 0.0.0-use.local
  resolution: "@chastelock/testcase@workspace:."
  dependencies:
    "@a/empty": 0.0.1
  languageName: unknown
  linkType: soft
