# This file is generated by running "yarn install" inside your project.
# Manual changes might be lost - proceed with caution!

__metadata:
  version: 6
  cacheKey: 8

"@chastelock/testcase@workspace:.":
  version: 0.0.0-use.local
  resolution: "@chastelock/testcase@workspace:."
  dependencies:
    react: ^19.0.0
    react-dom: ^19.0.0
    react-router: ^7.2.0
  languageName: unknown
  linkType: soft

"@types/cookie@npm:^0.6.0":
  version: 0.6.0
  resolution: "@types/cookie@npm:0.6.0"
  checksum: 5edce7995775b0b196b142883e4d4f71fd93c294eaec973670f1fa2540b70ea7390408ed513ddefef5fcb12a578100c76596e8f2a714b0c2ae9f70ee773f4510
  languageName: node
  linkType: hard

"cookie@npm:^1.0.1":
  version: 1.0.2
  resolution: "cookie@npm:1.0.2"
  checksum: 2c5a6214147ffa7135ce41860c781de17e93128689b0d080d3116468274b3593b607bcd462ac210d3a61f081db3d3b09ae106e18d60b1f529580e95cf2db8a55
  languageName: node
  linkType: hard

"react-dom@npm:^19.0.0":
  version: 19.0.0
  resolution: "react-dom@npm:19.0.0"
  dependencies:
    scheduler: ^0.25.0
  peerDependencies:
    react: ^19.0.0
  checksum: 009cc6e575263a0d1906f9dd4aa6532d2d3d0d71e4c2b7777c8fe4de585fa06b5b77cdc2e0fbaa2f3a4a5e5d3305c189ba152153f358ee7da4d9d9ba5d3a8975
  languageName: node
  linkType: hard

"react-router@npm:^7.2.0":
  version: 7.2.0
  resolution: "react-router@npm:7.2.0"
  dependencies:
    "@types/cookie": ^0.6.0
    cookie: ^1.0.1
    set-cookie-parser: ^2.6.0
    turbo-stream: 2.4.0
  peerDependencies:
    react: ">=18"
    react-dom: ">=18"
  peerDependenciesMeta:
    react-dom:
      optional: true
  checksum: a7b35dbc33e0af662494959de4b12e82d83f4cb26c22b31dee8e6742fb337d8e86b52e38ed6b6aaa358684d435e05494709270abb41dd79ca7df649b928d9724
  languageName: node
  linkType: hard

"react@npm:^19.0.0":
  version: 19.0.0
  resolution: "react@npm:19.0.0"
  checksum: 86de15d85b2465feb40297a90319c325cb07cf27191a361d47bcfe8c6126c973d660125aa67b8f4cbbe39f15a2f32efd0c814e98196d8e5b68c567ba40a399c6
  languageName: node
  linkType: hard

"scheduler@npm:^0.25.0":
  version: 0.25.0
  resolution: "scheduler@npm:0.25.0"
  checksum: b7bb9fddbf743e521e9aaa5198a03ae823f5e104ebee0cb9ec625392bb7da0baa1c28ab29cee4b1e407a94e76acc6eee91eeb749614f91f853efda2613531566
  languageName: node
  linkType: hard

"set-cookie-parser@npm:^2.6.0":
  version: 2.7.1
  resolution: "set-cookie-parser@npm:2.7.1"
  checksum: 2ef8b351094712f8f7df6d63ed4b10350b24a5b515772690e7dec227df85fcef5bc451c7765f484fd9f36694ece5438d1456407d017f237d0d3351d7dbbd3587
  languageName: node
  linkType: hard

"turbo-stream@npm:2.4.0":
  version: 2.4.0
  resolution: "turbo-stream@npm:2.4.0"
  checksum: e36f52ed40589f01bede79757a143bef484914d579927235be1fd0c205618994cb5779a39ff8c2a80a87a1464d05771cd75320a9412b15bca03c7ff432e3cdf7
  languageName: node
  linkType: hard
