# THIS IS AN AUTOGENERATED FILE. DO NOT EDIT THIS FILE DIRECTLY.
# yarn lockfile v1


"@a/empty@https://codeberg.org/libselfisekai/-/packages/npm/@a%2Fempty/0.0.1/files/1152452":
  version "0.0.1"
  resolved "https://codeberg.org/libselfisekai/-/packages/npm/@a%2Fempty/0.0.1/files/1152452#2d477ad5e6d7d2b6df570d3e8bd053005362380a"
