# This file is generated by running "yarn install" inside your project.
# Manual changes might be lost - proceed with caution!

__metadata:
  version: 6
  cacheKey: 8

"@chastelock/test__git_ssh@workspace:.":
  version: 0.0.0-use.local
  resolution: "@chastelock/test__git_ssh@workspace:."
  dependencies:
    node-semver: "ssh://git@github.com/npm/node-semver.git#semver:^7.5.0"
  languageName: unknown
  linkType: soft

"node-semver@ssh://git@github.com/npm/node-semver.git#semver:^7.5.0":
  version: 7.6.3
  resolution: "node-semver@ssh://git@github.com/npm/node-semver.git#commit=0a12d6c7debb1dc82d8645c770e77c47bac5e1ea"
  bin:
    semver: bin/semver.js
  checksum: 4b2a2cdf3a5233b7f8829d1a080dc3a33928d91b2cd492e409830bc782a70d2342458f86436780f8c0a43ca6bf81b4b934fd7fcad411a09e70460c0e01c74e58
  languageName: node
  linkType: hard
